// !$*UTF8*$!
{
	archiveVersion = 1;
	classes = {
	};
	objectVersion = 46;
	objects = {

/* Begin PBXBuildFile section */
		05ACCB7E1D01157C00C3C931 /* Component.cpp in Sources */ = {isa = PBXBuildFile; fileRef = 05ACCB5E1D01157C00C3C931 /* Component.cpp */; };
		05ACCB7F1D01157C00C3C931 /* LuaComponent.cpp in Sources */ = {isa = PBXBuildFile; fileRef = 05ACCB601D01157C00C3C931 /* LuaComponent.cpp */; };
		05ACCB801D01157C00C3C931 /* SpriteRenderer.cpp in Sources */ = {isa = PBXBuildFile; fileRef = 05ACCB621D01157C00C3C931 /* SpriteRenderer.cpp */; };
		05ACCB811D01157C00C3C931 /* GameObject.cpp in Sources */ = {isa = PBXBuildFile; fileRef = 05ACCB651D01157C00C3C931 /* GameObject.cpp */; };
		05ACCB821D01157C00C3C931 /* Transform.cpp in Sources */ = {isa = PBXBuildFile; fileRef = 05ACCB671D01157C00C3C931 /* Transform.cpp */; };
		05ACCB831D01157C00C3C931 /* lovemore.cpp in Sources */ = {isa = PBXBuildFile; fileRef = 05ACCB691D01157C00C3C931 /* lovemore.cpp */; };
		05ACCB841D0122DB00C3C931 /* lovemore.cpp in Sources */ = {isa = PBXBuildFile; fileRef = 05ACCB691D01157C00C3C931 /* lovemore.cpp */; };
		05ACCB851D0122E300C3C931 /* Component.cpp in Sources */ = {isa = PBXBuildFile; fileRef = 05ACCB5E1D01157C00C3C931 /* Component.cpp */; };
		05ACCB861D0122E300C3C931 /* LuaComponent.cpp in Sources */ = {isa = PBXBuildFile; fileRef = 05ACCB601D01157C00C3C931 /* LuaComponent.cpp */; };
		05ACCB871D0122E300C3C931 /* SpriteRenderer.cpp in Sources */ = {isa = PBXBuildFile; fileRef = 05ACCB621D01157C00C3C931 /* SpriteRenderer.cpp */; };
		05ACCB881D0122EB00C3C931 /* GameObject.cpp in Sources */ = {isa = PBXBuildFile; fileRef = 05ACCB651D01157C00C3C931 /* GameObject.cpp */; };
		05ACCB891D0122EB00C3C931 /* Transform.cpp in Sources */ = {isa = PBXBuildFile; fileRef = 05ACCB671D01157C00C3C931 /* Transform.cpp */; };
		05ACCCE01D01698B00C3C931 /* Animation.c in Sources */ = {isa = PBXBuildFile; fileRef = 05ACCCBD1D01698B00C3C931 /* Animation.c */; };
		05ACCCE11D01698B00C3C931 /* Animation.c in Sources */ = {isa = PBXBuildFile; fileRef = 05ACCCBD1D01698B00C3C931 /* Animation.c */; };
		05ACCCE21D01698B00C3C931 /* AnimationState.c in Sources */ = {isa = PBXBuildFile; fileRef = 05ACCCBE1D01698B00C3C931 /* AnimationState.c */; };
		05ACCCE31D01698B00C3C931 /* AnimationState.c in Sources */ = {isa = PBXBuildFile; fileRef = 05ACCCBE1D01698B00C3C931 /* AnimationState.c */; };
		05ACCCE41D01698B00C3C931 /* AnimationStateData.c in Sources */ = {isa = PBXBuildFile; fileRef = 05ACCCBF1D01698B00C3C931 /* AnimationStateData.c */; };
		05ACCCE51D01698B00C3C931 /* AnimationStateData.c in Sources */ = {isa = PBXBuildFile; fileRef = 05ACCCBF1D01698B00C3C931 /* AnimationStateData.c */; };
		05ACCCE61D01698B00C3C931 /* Atlas.c in Sources */ = {isa = PBXBuildFile; fileRef = 05ACCCC01D01698B00C3C931 /* Atlas.c */; };
		05ACCCE71D01698B00C3C931 /* Atlas.c in Sources */ = {isa = PBXBuildFile; fileRef = 05ACCCC01D01698B00C3C931 /* Atlas.c */; };
		05ACCCE81D01698B00C3C931 /* AtlasAttachmentLoader.c in Sources */ = {isa = PBXBuildFile; fileRef = 05ACCCC11D01698B00C3C931 /* AtlasAttachmentLoader.c */; };
		05ACCCE91D01698B00C3C931 /* AtlasAttachmentLoader.c in Sources */ = {isa = PBXBuildFile; fileRef = 05ACCCC11D01698B00C3C931 /* AtlasAttachmentLoader.c */; };
		05ACCCEA1D01698B00C3C931 /* Attachment.c in Sources */ = {isa = PBXBuildFile; fileRef = 05ACCCC21D01698B00C3C931 /* Attachment.c */; };
		05ACCCEB1D01698B00C3C931 /* Attachment.c in Sources */ = {isa = PBXBuildFile; fileRef = 05ACCCC21D01698B00C3C931 /* Attachment.c */; };
		05ACCCEC1D01698B00C3C931 /* AttachmentLoader.c in Sources */ = {isa = PBXBuildFile; fileRef = 05ACCCC31D01698B00C3C931 /* AttachmentLoader.c */; };
		05ACCCED1D01698B00C3C931 /* AttachmentLoader.c in Sources */ = {isa = PBXBuildFile; fileRef = 05ACCCC31D01698B00C3C931 /* AttachmentLoader.c */; };
		05ACCCEE1D01698B00C3C931 /* Bone.c in Sources */ = {isa = PBXBuildFile; fileRef = 05ACCCC41D01698B00C3C931 /* Bone.c */; };
		05ACCCEF1D01698B00C3C931 /* Bone.c in Sources */ = {isa = PBXBuildFile; fileRef = 05ACCCC41D01698B00C3C931 /* Bone.c */; };
		05ACCCF01D01698B00C3C931 /* BoneData.c in Sources */ = {isa = PBXBuildFile; fileRef = 05ACCCC51D01698B00C3C931 /* BoneData.c */; };
		05ACCCF11D01698B00C3C931 /* BoneData.c in Sources */ = {isa = PBXBuildFile; fileRef = 05ACCCC51D01698B00C3C931 /* BoneData.c */; };
		05ACCCF21D01698B00C3C931 /* BoundingBoxAttachment.c in Sources */ = {isa = PBXBuildFile; fileRef = 05ACCCC61D01698B00C3C931 /* BoundingBoxAttachment.c */; };
		05ACCCF31D01698B00C3C931 /* BoundingBoxAttachment.c in Sources */ = {isa = PBXBuildFile; fileRef = 05ACCCC61D01698B00C3C931 /* BoundingBoxAttachment.c */; };
		05ACCCF41D01698B00C3C931 /* Event.c in Sources */ = {isa = PBXBuildFile; fileRef = 05ACCCC71D01698B00C3C931 /* Event.c */; };
		05ACCCF51D01698B00C3C931 /* Event.c in Sources */ = {isa = PBXBuildFile; fileRef = 05ACCCC71D01698B00C3C931 /* Event.c */; };
		05ACCCF61D01698B00C3C931 /* EventData.c in Sources */ = {isa = PBXBuildFile; fileRef = 05ACCCC81D01698B00C3C931 /* EventData.c */; };
		05ACCCF71D01698B00C3C931 /* EventData.c in Sources */ = {isa = PBXBuildFile; fileRef = 05ACCCC81D01698B00C3C931 /* EventData.c */; };
		05ACCCF81D01698B00C3C931 /* extension.c in Sources */ = {isa = PBXBuildFile; fileRef = 05ACCCC91D01698B00C3C931 /* extension.c */; };
		05ACCCF91D01698B00C3C931 /* extension.c in Sources */ = {isa = PBXBuildFile; fileRef = 05ACCCC91D01698B00C3C931 /* extension.c */; };
		05ACCCFA1D01698B00C3C931 /* IkConstraint.c in Sources */ = {isa = PBXBuildFile; fileRef = 05ACCCCA1D01698B00C3C931 /* IkConstraint.c */; };
		05ACCCFB1D01698B00C3C931 /* IkConstraint.c in Sources */ = {isa = PBXBuildFile; fileRef = 05ACCCCA1D01698B00C3C931 /* IkConstraint.c */; };
		05ACCCFC1D01698B00C3C931 /* IkConstraintData.c in Sources */ = {isa = PBXBuildFile; fileRef = 05ACCCCB1D01698B00C3C931 /* IkConstraintData.c */; };
		05ACCCFD1D01698B00C3C931 /* IkConstraintData.c in Sources */ = {isa = PBXBuildFile; fileRef = 05ACCCCB1D01698B00C3C931 /* IkConstraintData.c */; };
		05ACCCFE1D01698B00C3C931 /* Json.c in Sources */ = {isa = PBXBuildFile; fileRef = 05ACCCCC1D01698B00C3C931 /* Json.c */; };
		05ACCCFF1D01698B00C3C931 /* Json.c in Sources */ = {isa = PBXBuildFile; fileRef = 05ACCCCC1D01698B00C3C931 /* Json.c */; };
		05ACCD001D01698B00C3C931 /* MeshAttachment.c in Sources */ = {isa = PBXBuildFile; fileRef = 05ACCCCE1D01698B00C3C931 /* MeshAttachment.c */; };
		05ACCD011D01698B00C3C931 /* MeshAttachment.c in Sources */ = {isa = PBXBuildFile; fileRef = 05ACCCCE1D01698B00C3C931 /* MeshAttachment.c */; };
		05ACCD021D01698B00C3C931 /* RegionAttachment.c in Sources */ = {isa = PBXBuildFile; fileRef = 05ACCCCF1D01698B00C3C931 /* RegionAttachment.c */; };
		05ACCD031D01698B00C3C931 /* RegionAttachment.c in Sources */ = {isa = PBXBuildFile; fileRef = 05ACCCCF1D01698B00C3C931 /* RegionAttachment.c */; };
		05ACCD041D01698B00C3C931 /* Skeleton.c in Sources */ = {isa = PBXBuildFile; fileRef = 05ACCCD01D01698B00C3C931 /* Skeleton.c */; };
		05ACCD051D01698B00C3C931 /* Skeleton.c in Sources */ = {isa = PBXBuildFile; fileRef = 05ACCCD01D01698B00C3C931 /* Skeleton.c */; };
		05ACCD061D01698B00C3C931 /* SkeletonBounds.c in Sources */ = {isa = PBXBuildFile; fileRef = 05ACCCD11D01698B00C3C931 /* SkeletonBounds.c */; };
		05ACCD071D01698B00C3C931 /* SkeletonBounds.c in Sources */ = {isa = PBXBuildFile; fileRef = 05ACCCD11D01698B00C3C931 /* SkeletonBounds.c */; };
		05ACCD081D01698B00C3C931 /* SkeletonData.c in Sources */ = {isa = PBXBuildFile; fileRef = 05ACCCD21D01698B00C3C931 /* SkeletonData.c */; };
		05ACCD091D01698B00C3C931 /* SkeletonData.c in Sources */ = {isa = PBXBuildFile; fileRef = 05ACCCD21D01698B00C3C931 /* SkeletonData.c */; };
		05ACCD0A1D01698B00C3C931 /* SkeletonJson.c in Sources */ = {isa = PBXBuildFile; fileRef = 05ACCCD31D01698B00C3C931 /* SkeletonJson.c */; };
		05ACCD0B1D01698B00C3C931 /* SkeletonJson.c in Sources */ = {isa = PBXBuildFile; fileRef = 05ACCCD31D01698B00C3C931 /* SkeletonJson.c */; };
		05ACCD0C1D01698B00C3C931 /* Skin.c in Sources */ = {isa = PBXBuildFile; fileRef = 05ACCCD41D01698B00C3C931 /* Skin.c */; };
		05ACCD0D1D01698B00C3C931 /* Skin.c in Sources */ = {isa = PBXBuildFile; fileRef = 05ACCCD41D01698B00C3C931 /* Skin.c */; };
		05ACCD0E1D01698B00C3C931 /* Slot.c in Sources */ = {isa = PBXBuildFile; fileRef = 05ACCCD51D01698B00C3C931 /* Slot.c */; };
		05ACCD0F1D01698B00C3C931 /* Slot.c in Sources */ = {isa = PBXBuildFile; fileRef = 05ACCCD51D01698B00C3C931 /* Slot.c */; };
		05ACCD101D01698B00C3C931 /* SlotData.c in Sources */ = {isa = PBXBuildFile; fileRef = 05ACCCD61D01698B00C3C931 /* SlotData.c */; };
		05ACCD111D01698B00C3C931 /* SlotData.c in Sources */ = {isa = PBXBuildFile; fileRef = 05ACCCD61D01698B00C3C931 /* SlotData.c */; };
		05ACCD121D01698B00C3C931 /* TransformConstraint.c in Sources */ = {isa = PBXBuildFile; fileRef = 05ACCCD71D01698B00C3C931 /* TransformConstraint.c */; };
		05ACCD131D01698B00C3C931 /* TransformConstraint.c in Sources */ = {isa = PBXBuildFile; fileRef = 05ACCCD71D01698B00C3C931 /* TransformConstraint.c */; };
		05ACCD141D01698B00C3C931 /* TransformConstraintData.c in Sources */ = {isa = PBXBuildFile; fileRef = 05ACCCD81D01698B00C3C931 /* TransformConstraintData.c */; };
		05ACCD151D01698B00C3C931 /* TransformConstraintData.c in Sources */ = {isa = PBXBuildFile; fileRef = 05ACCCD81D01698B00C3C931 /* TransformConstraintData.c */; };
		05ACCD161D01698B00C3C931 /* WeightedMeshAttachment.c in Sources */ = {isa = PBXBuildFile; fileRef = 05ACCCD91D01698B00C3C931 /* WeightedMeshAttachment.c */; };
		05ACCD171D01698B00C3C931 /* WeightedMeshAttachment.c in Sources */ = {isa = PBXBuildFile; fileRef = 05ACCCD91D01698B00C3C931 /* WeightedMeshAttachment.c */; };
		05ACCD191D01698B00C3C931 /* SpineAnimator.cpp in Sources */ = {isa = PBXBuildFile; fileRef = 05ACCCDA1D01698B00C3C931 /* SpineAnimator.cpp */; };
		05ACCD1A1D02AECA00C3C931 /* SpineAnimator.cpp in Sources */ = {isa = PBXBuildFile; fileRef = 05ACCCDA1D01698B00C3C931 /* SpineAnimator.cpp */; };
		8D11072F0486CEB800E47090 /* Cocoa.framework in Frameworks */ = {isa = PBXBuildFile; fileRef = 1058C7A1FEA54F0111CA2CBB /* Cocoa.framework */; };
		A9255DD11043183600BA1496 /* FreeType.framework in Copy Frameworks */ = {isa = PBXBuildFile; fileRef = A93E6E4810420B4A007D418B /* FreeType.framework */; settings = {ATTRIBUTES = (CodeSignOnCopy, ); }; };
		A9255DD31043183600BA1496 /* Lua.framework in Copy Frameworks */ = {isa = PBXBuildFile; fileRef = A93E6E5310420B57007D418B /* Lua.framework */; settings = {ATTRIBUTES = (CodeSignOnCopy, ); }; };
		A9255E031043195A00BA1496 /* Vorbis.framework in Copy Frameworks */ = {isa = PBXBuildFile; fileRef = A9255E021043195A00BA1496 /* Vorbis.framework */; settings = {ATTRIBUTES = (CodeSignOnCopy, ); }; };
		A9255F58104324E100BA1496 /* Ogg.framework in Copy Frameworks */ = {isa = PBXBuildFile; fileRef = A9255F51104324D700BA1496 /* Ogg.framework */; settings = {ATTRIBUTES = (CodeSignOnCopy, ); }; };
		A93E6E5510420B57007D418B /* Lua.framework in Frameworks */ = {isa = PBXBuildFile; fileRef = A93E6E5310420B57007D418B /* Lua.framework */; };
		A93E6EED10420BA8007D418B /* love.cpp in Sources */ = {isa = PBXBuildFile; fileRef = A93E6A3410420AC0007D418B /* love.cpp */; };
		A9D307F2106635D3004FEDF8 /* physfs.framework in Copy Frameworks */ = {isa = PBXBuildFile; fileRef = A9D307E9106635C3004FEDF8 /* physfs.framework */; settings = {ATTRIBUTES = (CodeSignOnCopy, ); }; };
		A9F169AC109E825000FC83D1 /* mpg123.framework in Copy Frameworks */ = {isa = PBXBuildFile; fileRef = A9F169A6109E824900FC83D1 /* mpg123.framework */; settings = {ATTRIBUTES = (CodeSignOnCopy, ); }; };
		A9F169AD109E825000FC83D1 /* libmodplug.framework in Copy Frameworks */ = {isa = PBXBuildFile; fileRef = A9F16926109E7BAD00FC83D1 /* libmodplug.framework */; settings = {ATTRIBUTES = (CodeSignOnCopy, ); }; };
		FA0797991BF480A200034B7C /* GameController.framework in Frameworks */ = {isa = PBXBuildFile; fileRef = FA0797981BF480A200034B7C /* GameController.framework */; };
		FA08F69616C766E000F007B5 /* love.framework in Frameworks */ = {isa = PBXBuildFile; fileRef = FA08F69116C765A200F007B5 /* love.framework */; };
		FA08F69716C766E700F007B5 /* love.framework in Copy Frameworks */ = {isa = PBXBuildFile; fileRef = FA08F69116C765A200F007B5 /* love.framework */; settings = {ATTRIBUTES = (CodeSignOnCopy, ); }; };
		FA0B7F301A95AC7D000E1D17 /* love.cpp in Sources */ = {isa = PBXBuildFile; fileRef = A93E6A3410420AC0007D418B /* love.cpp */; };
		FA27B3CB1B498696008A9DCE /* Theora.framework in Frameworks */ = {isa = PBXBuildFile; fileRef = FA27B3CA1B498696008A9DCE /* Theora.framework */; };
		FA5933751C6D625B000EC779 /* Images.xcassets in Resources */ = {isa = PBXBuildFile; fileRef = FA5D249A1A96CF4300C6FC8F /* Images.xcassets */; };
		FA5D24821A96CA1800C6FC8F /* OpenAL.framework in Frameworks */ = {isa = PBXBuildFile; fileRef = FA5D24811A96CA1800C6FC8F /* OpenAL.framework */; };
		FA5D24841A96CA2700C6FC8F /* OpenGLES.framework in Frameworks */ = {isa = PBXBuildFile; fileRef = FA5D24831A96CA2700C6FC8F /* OpenGLES.framework */; };
		FA5D24881A96CA8A00C6FC8F /* UIKit.framework in Frameworks */ = {isa = PBXBuildFile; fileRef = FA5D24871A96CA8A00C6FC8F /* UIKit.framework */; };
		FA5D248A1A96CA9600C6FC8F /* AudioToolbox.framework in Frameworks */ = {isa = PBXBuildFile; fileRef = FA5D24891A96CA9600C6FC8F /* AudioToolbox.framework */; };
		FA5D248C1A96CA9E00C6FC8F /* QuartzCore.framework in Frameworks */ = {isa = PBXBuildFile; fileRef = FA5D248B1A96CA9E00C6FC8F /* QuartzCore.framework */; };
		FA5D248E1A96CAA700C6FC8F /* CoreGraphics.framework in Frameworks */ = {isa = PBXBuildFile; fileRef = FA5D248D1A96CAA700C6FC8F /* CoreGraphics.framework */; };
		FA5D24941A96CABA00C6FC8F /* libz.dylib in Frameworks */ = {isa = PBXBuildFile; fileRef = FA5D24931A96CABA00C6FC8F /* libz.dylib */; };
		FA5D24961A96CAC200C6FC8F /* CoreMotion.framework in Frameworks */ = {isa = PBXBuildFile; fileRef = FA5D24951A96CAC200C6FC8F /* CoreMotion.framework */; };
		FA5D249C1A96CF4300C6FC8F /* Images.xcassets in Resources */ = {isa = PBXBuildFile; fileRef = FA5D249A1A96CF4300C6FC8F /* Images.xcassets */; };
		FA5D24C21A96D78000C6FC8F /* Foundation.framework in Frameworks */ = {isa = PBXBuildFile; fileRef = FA5D24C11A96D78000C6FC8F /* Foundation.framework */; };
		FA5D24D11A96E73300C6FC8F /* liblove.a in Frameworks */ = {isa = PBXBuildFile; fileRef = FA0B7EEF1A95924A000E1D17 /* liblove.a */; };
		FA7C636A1A9C49570000FD29 /* Launch Screen.xib in Resources */ = {isa = PBXBuildFile; fileRef = FA7C63691A9C49570000FD29 /* Launch Screen.xib */; };
		FA9B4A0A16E1579F00074F42 /* SDL2.framework in Frameworks */ = {isa = PBXBuildFile; fileRef = FA9B4A0916E1579F00074F42 /* SDL2.framework */; };
		FA9B4A0B16E157B500074F42 /* SDL2.framework in Copy Frameworks */ = {isa = PBXBuildFile; fileRef = FA9B4A0916E1579F00074F42 /* SDL2.framework */; settings = {ATTRIBUTES = (CodeSignOnCopy, ); }; };
		FAAFF04716CB120000CCDE45 /* OpenAL-Soft.framework in Copy Frameworks */ = {isa = PBXBuildFile; fileRef = FAAFF04616CB120000CCDE45 /* OpenAL-Soft.framework */; settings = {ATTRIBUTES = (CodeSignOnCopy, ); }; };
		FAC1A449196F5DC600125284 /* license.txt in Resources */ = {isa = PBXBuildFile; fileRef = FAC1A448196F5DC600125284 /* license.txt */; };
		FAD4B1731C1F50A3004CF150 /* Theora.framework in Copy Frameworks */ = {isa = PBXBuildFile; fileRef = FA27B3CA1B498696008A9DCE /* Theora.framework */; settings = {ATTRIBUTES = (CodeSignOnCopy, ); }; };
/* End PBXBuildFile section */

/* Begin PBXContainerItemProxy section */
		FA0B78D71A958301000E1D17 /* PBXContainerItemProxy */ = {
			isa = PBXContainerItemProxy;
			containerPortal = FA577A9316C7217800860150 /* liblove.xcodeproj */;
			proxyType = 2;
			remoteGlobalIDString = FA577AAF16C7507900860150;
			remoteInfo = Framework;
		};
		FA0B7EEE1A95924A000E1D17 /* PBXContainerItemProxy */ = {
			isa = PBXContainerItemProxy;
			containerPortal = FA577A9316C7217800860150 /* liblove.xcodeproj */;
			proxyType = 2;
			remoteGlobalIDString = FA0B78DD1A958B90000E1D17;
			remoteInfo = "liblove-ios";
		};
		FA5D24BA1A96D6FC00C6FC8F /* PBXContainerItemProxy */ = {
			isa = PBXContainerItemProxy;
			containerPortal = FA577A9316C7217800860150 /* liblove.xcodeproj */;
			proxyType = 1;
			remoteGlobalIDString = FA0B78DC1A958B90000E1D17;
			remoteInfo = "liblove-ios";
		};
		FAA287711B0ABF1400B82827 /* PBXContainerItemProxy */ = {
			isa = PBXContainerItemProxy;
			containerPortal = FA577A9316C7217800860150 /* liblove.xcodeproj */;
			proxyType = 1;
			remoteGlobalIDString = FA577AAE16C7507900860150;
			remoteInfo = "liblove-macosx";
		};
/* End PBXContainerItemProxy section */

/* Begin PBXCopyFilesBuildPhase section */
		A9255DDE1043185300BA1496 /* Copy Frameworks */ = {
			isa = PBXCopyFilesBuildPhase;
			buildActionMask = 2147483647;
			dstPath = "";
			dstSubfolderSpec = 10;
			files = (
				FA08F69716C766E700F007B5 /* love.framework in Copy Frameworks */,
				FA9B4A0B16E157B500074F42 /* SDL2.framework in Copy Frameworks */,
				FAD4B1731C1F50A3004CF150 /* Theora.framework in Copy Frameworks */,
				FAAFF04716CB120000CCDE45 /* OpenAL-Soft.framework in Copy Frameworks */,
				A9F169AC109E825000FC83D1 /* mpg123.framework in Copy Frameworks */,
				A9F169AD109E825000FC83D1 /* libmodplug.framework in Copy Frameworks */,
				A9D307F2106635D3004FEDF8 /* physfs.framework in Copy Frameworks */,
				A9255F58104324E100BA1496 /* Ogg.framework in Copy Frameworks */,
				A9255E031043195A00BA1496 /* Vorbis.framework in Copy Frameworks */,
				A9255DD11043183600BA1496 /* FreeType.framework in Copy Frameworks */,
				A9255DD31043183600BA1496 /* Lua.framework in Copy Frameworks */,
			);
			name = "Copy Frameworks";
			runOnlyForDeploymentPostprocessing = 0;
		};
/* End PBXCopyFilesBuildPhase section */

/* Begin PBXFileReference section */
		053C11311D0515DA0081C098 /* scope_guard.h */ = {isa = PBXFileReference; fileEncoding = 4; lastKnownFileType = sourcecode.c.h; path = scope_guard.h; sourceTree = "<group>"; };
		05ACCB5E1D01157C00C3C931 /* Component.cpp */ = {isa = PBXFileReference; fileEncoding = 4; lastKnownFileType = sourcecode.cpp.cpp; path = Component.cpp; sourceTree = "<group>"; };
		05ACCB5F1D01157C00C3C931 /* Component.h */ = {isa = PBXFileReference; fileEncoding = 4; lastKnownFileType = sourcecode.c.h; path = Component.h; sourceTree = "<group>"; };
		05ACCB601D01157C00C3C931 /* LuaComponent.cpp */ = {isa = PBXFileReference; fileEncoding = 4; lastKnownFileType = sourcecode.cpp.cpp; path = LuaComponent.cpp; sourceTree = "<group>"; };
		05ACCB611D01157C00C3C931 /* LuaComponent.h */ = {isa = PBXFileReference; fileEncoding = 4; lastKnownFileType = sourcecode.c.h; path = LuaComponent.h; sourceTree = "<group>"; };
		05ACCB621D01157C00C3C931 /* SpriteRenderer.cpp */ = {isa = PBXFileReference; fileEncoding = 4; lastKnownFileType = sourcecode.cpp.cpp; path = SpriteRenderer.cpp; sourceTree = "<group>"; };
		05ACCB631D01157C00C3C931 /* SpriteRenderer.h */ = {isa = PBXFileReference; fileEncoding = 4; lastKnownFileType = sourcecode.c.h; path = SpriteRenderer.h; sourceTree = "<group>"; };
		05ACCB651D01157C00C3C931 /* GameObject.cpp */ = {isa = PBXFileReference; fileEncoding = 4; lastKnownFileType = sourcecode.cpp.cpp; path = GameObject.cpp; sourceTree = "<group>"; };
		05ACCB661D01157C00C3C931 /* GameObject.h */ = {isa = PBXFileReference; fileEncoding = 4; lastKnownFileType = sourcecode.c.h; path = GameObject.h; sourceTree = "<group>"; };
		05ACCB671D01157C00C3C931 /* Transform.cpp */ = {isa = PBXFileReference; fileEncoding = 4; lastKnownFileType = sourcecode.cpp.cpp; path = Transform.cpp; sourceTree = "<group>"; };
		05ACCB681D01157C00C3C931 /* Transform.h */ = {isa = PBXFileReference; fileEncoding = 4; lastKnownFileType = sourcecode.c.h; path = Transform.h; sourceTree = "<group>"; };
		05ACCB691D01157C00C3C931 /* lovemore.cpp */ = {isa = PBXFileReference; fileEncoding = 4; lastKnownFileType = sourcecode.cpp.cpp; path = lovemore.cpp; sourceTree = "<group>"; };
		05ACCB6A1D01157C00C3C931 /* lovemore.h */ = {isa = PBXFileReference; fileEncoding = 4; lastKnownFileType = sourcecode.c.h; path = lovemore.h; sourceTree = "<group>"; };
		05ACCB6D1D01157C00C3C931 /* CFunctions.h */ = {isa = PBXFileReference; fileEncoding = 4; lastKnownFileType = sourcecode.c.h; path = CFunctions.h; sourceTree = "<group>"; };
		05ACCB6E1D01157C00C3C931 /* ClassInfo.h */ = {isa = PBXFileReference; fileEncoding = 4; lastKnownFileType = sourcecode.c.h; path = ClassInfo.h; sourceTree = "<group>"; };
		05ACCB6F1D01157C00C3C931 /* Constructor.h */ = {isa = PBXFileReference; fileEncoding = 4; lastKnownFileType = sourcecode.c.h; path = Constructor.h; sourceTree = "<group>"; };
		05ACCB701D01157C00C3C931 /* dump.h */ = {isa = PBXFileReference; fileEncoding = 4; lastKnownFileType = sourcecode.c.h; path = dump.h; sourceTree = "<group>"; };
		05ACCB711D01157C00C3C931 /* FuncTraits.h */ = {isa = PBXFileReference; fileEncoding = 4; lastKnownFileType = sourcecode.c.h; path = FuncTraits.h; sourceTree = "<group>"; };
		05ACCB721D01157C00C3C931 /* Iterator.h */ = {isa = PBXFileReference; fileEncoding = 4; lastKnownFileType = sourcecode.c.h; path = Iterator.h; sourceTree = "<group>"; };
		05ACCB731D01157C00C3C931 /* LuaException.h */ = {isa = PBXFileReference; fileEncoding = 4; lastKnownFileType = sourcecode.c.h; path = LuaException.h; sourceTree = "<group>"; };
		05ACCB741D01157C00C3C931 /* LuaHelpers.h */ = {isa = PBXFileReference; fileEncoding = 4; lastKnownFileType = sourcecode.c.h; path = LuaHelpers.h; sourceTree = "<group>"; };
		05ACCB751D01157C00C3C931 /* LuaRef.h */ = {isa = PBXFileReference; fileEncoding = 4; lastKnownFileType = sourcecode.c.h; path = LuaRef.h; sourceTree = "<group>"; };
		05ACCB761D01157C00C3C931 /* Namespace.h */ = {isa = PBXFileReference; fileEncoding = 4; lastKnownFileType = sourcecode.c.h; path = Namespace.h; sourceTree = "<group>"; };
		05ACCB771D01157C00C3C931 /* Stack.h */ = {isa = PBXFileReference; fileEncoding = 4; lastKnownFileType = sourcecode.c.h; path = Stack.h; sourceTree = "<group>"; };
		05ACCB781D01157C00C3C931 /* TypeList.h */ = {isa = PBXFileReference; fileEncoding = 4; lastKnownFileType = sourcecode.c.h; path = TypeList.h; sourceTree = "<group>"; };
		05ACCB791D01157C00C3C931 /* TypeTraits.h */ = {isa = PBXFileReference; fileEncoding = 4; lastKnownFileType = sourcecode.c.h; path = TypeTraits.h; sourceTree = "<group>"; };
		05ACCB7A1D01157C00C3C931 /* Userdata.h */ = {isa = PBXFileReference; fileEncoding = 4; lastKnownFileType = sourcecode.c.h; path = Userdata.h; sourceTree = "<group>"; };
		05ACCB7B1D01157C00C3C931 /* LuaBridge.h */ = {isa = PBXFileReference; fileEncoding = 4; lastKnownFileType = sourcecode.c.h; path = LuaBridge.h; sourceTree = "<group>"; };
		05ACCB7C1D01157C00C3C931 /* RefCountedObject.h */ = {isa = PBXFileReference; fileEncoding = 4; lastKnownFileType = sourcecode.c.h; path = RefCountedObject.h; sourceTree = "<group>"; };
		05ACCB7D1D01157C00C3C931 /* RefCountedPtr.h */ = {isa = PBXFileReference; fileEncoding = 4; lastKnownFileType = sourcecode.c.h; path = RefCountedPtr.h; sourceTree = "<group>"; };
		05ACCC9D1D01698B00C3C931 /* Animation.h */ = {isa = PBXFileReference; fileEncoding = 4; lastKnownFileType = sourcecode.c.h; path = Animation.h; sourceTree = "<group>"; };
		05ACCC9E1D01698B00C3C931 /* AnimationState.h */ = {isa = PBXFileReference; fileEncoding = 4; lastKnownFileType = sourcecode.c.h; path = AnimationState.h; sourceTree = "<group>"; };
		05ACCC9F1D01698B00C3C931 /* AnimationStateData.h */ = {isa = PBXFileReference; fileEncoding = 4; lastKnownFileType = sourcecode.c.h; path = AnimationStateData.h; sourceTree = "<group>"; };
		05ACCCA01D01698B00C3C931 /* Atlas.h */ = {isa = PBXFileReference; fileEncoding = 4; lastKnownFileType = sourcecode.c.h; path = Atlas.h; sourceTree = "<group>"; };
		05ACCCA11D01698B00C3C931 /* AtlasAttachmentLoader.h */ = {isa = PBXFileReference; fileEncoding = 4; lastKnownFileType = sourcecode.c.h; path = AtlasAttachmentLoader.h; sourceTree = "<group>"; };
		05ACCCA21D01698B00C3C931 /* Attachment.h */ = {isa = PBXFileReference; fileEncoding = 4; lastKnownFileType = sourcecode.c.h; path = Attachment.h; sourceTree = "<group>"; };
		05ACCCA31D01698B00C3C931 /* AttachmentLoader.h */ = {isa = PBXFileReference; fileEncoding = 4; lastKnownFileType = sourcecode.c.h; path = AttachmentLoader.h; sourceTree = "<group>"; };
		05ACCCA41D01698B00C3C931 /* Bone.h */ = {isa = PBXFileReference; fileEncoding = 4; lastKnownFileType = sourcecode.c.h; path = Bone.h; sourceTree = "<group>"; };
		05ACCCA51D01698B00C3C931 /* BoneData.h */ = {isa = PBXFileReference; fileEncoding = 4; lastKnownFileType = sourcecode.c.h; path = BoneData.h; sourceTree = "<group>"; };
		05ACCCA61D01698B00C3C931 /* BoundingBoxAttachment.h */ = {isa = PBXFileReference; fileEncoding = 4; lastKnownFileType = sourcecode.c.h; path = BoundingBoxAttachment.h; sourceTree = "<group>"; };
		05ACCCA71D01698B00C3C931 /* Event.h */ = {isa = PBXFileReference; fileEncoding = 4; lastKnownFileType = sourcecode.c.h; path = Event.h; sourceTree = "<group>"; };
		05ACCCA81D01698B00C3C931 /* EventData.h */ = {isa = PBXFileReference; fileEncoding = 4; lastKnownFileType = sourcecode.c.h; path = EventData.h; sourceTree = "<group>"; };
		05ACCCA91D01698B00C3C931 /* extension.h */ = {isa = PBXFileReference; fileEncoding = 4; lastKnownFileType = sourcecode.c.h; path = extension.h; sourceTree = "<group>"; };
		05ACCCAA1D01698B00C3C931 /* IkConstraint.h */ = {isa = PBXFileReference; fileEncoding = 4; lastKnownFileType = sourcecode.c.h; path = IkConstraint.h; sourceTree = "<group>"; };
		05ACCCAB1D01698B00C3C931 /* IkConstraintData.h */ = {isa = PBXFileReference; fileEncoding = 4; lastKnownFileType = sourcecode.c.h; path = IkConstraintData.h; sourceTree = "<group>"; };
		05ACCCAC1D01698B00C3C931 /* MeshAttachment.h */ = {isa = PBXFileReference; fileEncoding = 4; lastKnownFileType = sourcecode.c.h; path = MeshAttachment.h; sourceTree = "<group>"; };
		05ACCCAD1D01698B00C3C931 /* RegionAttachment.h */ = {isa = PBXFileReference; fileEncoding = 4; lastKnownFileType = sourcecode.c.h; path = RegionAttachment.h; sourceTree = "<group>"; };
		05ACCCAE1D01698B00C3C931 /* Skeleton.h */ = {isa = PBXFileReference; fileEncoding = 4; lastKnownFileType = sourcecode.c.h; path = Skeleton.h; sourceTree = "<group>"; };
		05ACCCAF1D01698B00C3C931 /* SkeletonBounds.h */ = {isa = PBXFileReference; fileEncoding = 4; lastKnownFileType = sourcecode.c.h; path = SkeletonBounds.h; sourceTree = "<group>"; };
		05ACCCB01D01698B00C3C931 /* SkeletonData.h */ = {isa = PBXFileReference; fileEncoding = 4; lastKnownFileType = sourcecode.c.h; path = SkeletonData.h; sourceTree = "<group>"; };
		05ACCCB11D01698B00C3C931 /* SkeletonJson.h */ = {isa = PBXFileReference; fileEncoding = 4; lastKnownFileType = sourcecode.c.h; path = SkeletonJson.h; sourceTree = "<group>"; };
		05ACCCB21D01698B00C3C931 /* Skin.h */ = {isa = PBXFileReference; fileEncoding = 4; lastKnownFileType = sourcecode.c.h; path = Skin.h; sourceTree = "<group>"; };
		05ACCCB31D01698B00C3C931 /* Slot.h */ = {isa = PBXFileReference; fileEncoding = 4; lastKnownFileType = sourcecode.c.h; path = Slot.h; sourceTree = "<group>"; };
		05ACCCB41D01698B00C3C931 /* SlotData.h */ = {isa = PBXFileReference; fileEncoding = 4; lastKnownFileType = sourcecode.c.h; path = SlotData.h; sourceTree = "<group>"; };
		05ACCCB51D01698B00C3C931 /* spine.h */ = {isa = PBXFileReference; fileEncoding = 4; lastKnownFileType = sourcecode.c.h; path = spine.h; sourceTree = "<group>"; };
		05ACCCB61D01698B00C3C931 /* TransformConstraint.h */ = {isa = PBXFileReference; fileEncoding = 4; lastKnownFileType = sourcecode.c.h; path = TransformConstraint.h; sourceTree = "<group>"; };
		05ACCCB71D01698B00C3C931 /* TransformConstraintData.h */ = {isa = PBXFileReference; fileEncoding = 4; lastKnownFileType = sourcecode.c.h; path = TransformConstraintData.h; sourceTree = "<group>"; };
		05ACCCB81D01698B00C3C931 /* WeightedMeshAttachment.h */ = {isa = PBXFileReference; fileEncoding = 4; lastKnownFileType = sourcecode.c.h; path = WeightedMeshAttachment.h; sourceTree = "<group>"; };
		05ACCCBD1D01698B00C3C931 /* Animation.c */ = {isa = PBXFileReference; fileEncoding = 4; lastKnownFileType = sourcecode.c.c; path = Animation.c; sourceTree = "<group>"; };
		05ACCCBE1D01698B00C3C931 /* AnimationState.c */ = {isa = PBXFileReference; fileEncoding = 4; lastKnownFileType = sourcecode.c.c; path = AnimationState.c; sourceTree = "<group>"; };
		05ACCCBF1D01698B00C3C931 /* AnimationStateData.c */ = {isa = PBXFileReference; fileEncoding = 4; lastKnownFileType = sourcecode.c.c; path = AnimationStateData.c; sourceTree = "<group>"; };
		05ACCCC01D01698B00C3C931 /* Atlas.c */ = {isa = PBXFileReference; fileEncoding = 4; lastKnownFileType = sourcecode.c.c; path = Atlas.c; sourceTree = "<group>"; };
		05ACCCC11D01698B00C3C931 /* AtlasAttachmentLoader.c */ = {isa = PBXFileReference; fileEncoding = 4; lastKnownFileType = sourcecode.c.c; path = AtlasAttachmentLoader.c; sourceTree = "<group>"; };
		05ACCCC21D01698B00C3C931 /* Attachment.c */ = {isa = PBXFileReference; fileEncoding = 4; lastKnownFileType = sourcecode.c.c; path = Attachment.c; sourceTree = "<group>"; };
		05ACCCC31D01698B00C3C931 /* AttachmentLoader.c */ = {isa = PBXFileReference; fileEncoding = 4; lastKnownFileType = sourcecode.c.c; path = AttachmentLoader.c; sourceTree = "<group>"; };
		05ACCCC41D01698B00C3C931 /* Bone.c */ = {isa = PBXFileReference; fileEncoding = 4; lastKnownFileType = sourcecode.c.c; path = Bone.c; sourceTree = "<group>"; };
		05ACCCC51D01698B00C3C931 /* BoneData.c */ = {isa = PBXFileReference; fileEncoding = 4; lastKnownFileType = sourcecode.c.c; path = BoneData.c; sourceTree = "<group>"; };
		05ACCCC61D01698B00C3C931 /* BoundingBoxAttachment.c */ = {isa = PBXFileReference; fileEncoding = 4; lastKnownFileType = sourcecode.c.c; path = BoundingBoxAttachment.c; sourceTree = "<group>"; };
		05ACCCC71D01698B00C3C931 /* Event.c */ = {isa = PBXFileReference; fileEncoding = 4; lastKnownFileType = sourcecode.c.c; path = Event.c; sourceTree = "<group>"; };
		05ACCCC81D01698B00C3C931 /* EventData.c */ = {isa = PBXFileReference; fileEncoding = 4; lastKnownFileType = sourcecode.c.c; path = EventData.c; sourceTree = "<group>"; };
		05ACCCC91D01698B00C3C931 /* extension.c */ = {isa = PBXFileReference; fileEncoding = 4; lastKnownFileType = sourcecode.c.c; path = extension.c; sourceTree = "<group>"; };
		05ACCCCA1D01698B00C3C931 /* IkConstraint.c */ = {isa = PBXFileReference; fileEncoding = 4; lastKnownFileType = sourcecode.c.c; path = IkConstraint.c; sourceTree = "<group>"; };
		05ACCCCB1D01698B00C3C931 /* IkConstraintData.c */ = {isa = PBXFileReference; fileEncoding = 4; lastKnownFileType = sourcecode.c.c; path = IkConstraintData.c; sourceTree = "<group>"; };
		05ACCCCC1D01698B00C3C931 /* Json.c */ = {isa = PBXFileReference; fileEncoding = 4; lastKnownFileType = sourcecode.c.c; path = Json.c; sourceTree = "<group>"; };
		05ACCCCD1D01698B00C3C931 /* Json.h */ = {isa = PBXFileReference; fileEncoding = 4; lastKnownFileType = sourcecode.c.h; path = Json.h; sourceTree = "<group>"; };
		05ACCCCE1D01698B00C3C931 /* MeshAttachment.c */ = {isa = PBXFileReference; fileEncoding = 4; lastKnownFileType = sourcecode.c.c; path = MeshAttachment.c; sourceTree = "<group>"; };
		05ACCCCF1D01698B00C3C931 /* RegionAttachment.c */ = {isa = PBXFileReference; fileEncoding = 4; lastKnownFileType = sourcecode.c.c; path = RegionAttachment.c; sourceTree = "<group>"; };
		05ACCCD01D01698B00C3C931 /* Skeleton.c */ = {isa = PBXFileReference; fileEncoding = 4; lastKnownFileType = sourcecode.c.c; path = Skeleton.c; sourceTree = "<group>"; };
		05ACCCD11D01698B00C3C931 /* SkeletonBounds.c */ = {isa = PBXFileReference; fileEncoding = 4; lastKnownFileType = sourcecode.c.c; path = SkeletonBounds.c; sourceTree = "<group>"; };
		05ACCCD21D01698B00C3C931 /* SkeletonData.c */ = {isa = PBXFileReference; fileEncoding = 4; lastKnownFileType = sourcecode.c.c; path = SkeletonData.c; sourceTree = "<group>"; };
		05ACCCD31D01698B00C3C931 /* SkeletonJson.c */ = {isa = PBXFileReference; fileEncoding = 4; lastKnownFileType = sourcecode.c.c; path = SkeletonJson.c; sourceTree = "<group>"; };
		05ACCCD41D01698B00C3C931 /* Skin.c */ = {isa = PBXFileReference; fileEncoding = 4; lastKnownFileType = sourcecode.c.c; path = Skin.c; sourceTree = "<group>"; };
		05ACCCD51D01698B00C3C931 /* Slot.c */ = {isa = PBXFileReference; fileEncoding = 4; lastKnownFileType = sourcecode.c.c; path = Slot.c; sourceTree = "<group>"; };
		05ACCCD61D01698B00C3C931 /* SlotData.c */ = {isa = PBXFileReference; fileEncoding = 4; lastKnownFileType = sourcecode.c.c; path = SlotData.c; sourceTree = "<group>"; };
		05ACCCD71D01698B00C3C931 /* TransformConstraint.c */ = {isa = PBXFileReference; fileEncoding = 4; lastKnownFileType = sourcecode.c.c; path = TransformConstraint.c; sourceTree = "<group>"; };
		05ACCCD81D01698B00C3C931 /* TransformConstraintData.c */ = {isa = PBXFileReference; fileEncoding = 4; lastKnownFileType = sourcecode.c.c; path = TransformConstraintData.c; sourceTree = "<group>"; };
		05ACCCD91D01698B00C3C931 /* WeightedMeshAttachment.c */ = {isa = PBXFileReference; fileEncoding = 4; lastKnownFileType = sourcecode.c.c; path = WeightedMeshAttachment.c; sourceTree = "<group>"; };
		05ACCCDA1D01698B00C3C931 /* SpineAnimator.cpp */ = {isa = PBXFileReference; fileEncoding = 4; lastKnownFileType = sourcecode.cpp.cpp; path = SpineAnimator.cpp; sourceTree = "<group>"; };
		05ACCCDB1D01698B00C3C931 /* SpineAnimator.h */ = {isa = PBXFileReference; fileEncoding = 4; lastKnownFileType = sourcecode.c.h; path = SpineAnimator.h; sourceTree = "<group>"; };
		1058C7A1FEA54F0111CA2CBB /* Cocoa.framework */ = {isa = PBXFileReference; lastKnownFileType = wrapper.framework; name = Cocoa.framework; path = /System/Library/Frameworks/Cocoa.framework; sourceTree = "<absolute>"; };
		8D1107320486CEB800E47090 /* love.app */ = {isa = PBXFileReference; explicitFileType = wrapper.application; includeInIndex = 0; path = love.app; sourceTree = BUILT_PRODUCTS_DIR; };
		A9255E021043195A00BA1496 /* Vorbis.framework */ = {isa = PBXFileReference; lastKnownFileType = wrapper.framework; name = Vorbis.framework; path = /Library/Frameworks/Vorbis.framework; sourceTree = "<absolute>"; };
		A9255F51104324D700BA1496 /* Ogg.framework */ = {isa = PBXFileReference; lastKnownFileType = wrapper.framework; name = Ogg.framework; path = /Library/Frameworks/Ogg.framework; sourceTree = "<absolute>"; };
		A93E6A3410420AC0007D418B /* love.cpp */ = {isa = PBXFileReference; fileEncoding = 4; lastKnownFileType = sourcecode.cpp.cpp; name = love.cpp; path = ../../src/love.cpp; sourceTree = "<group>"; };
		A93E6E4710420B4A007D418B /* OpenGL.framework */ = {isa = PBXFileReference; lastKnownFileType = wrapper.framework; name = OpenGL.framework; path = /System/Library/Frameworks/OpenGL.framework; sourceTree = "<absolute>"; };
		A93E6E4810420B4A007D418B /* FreeType.framework */ = {isa = PBXFileReference; lastKnownFileType = wrapper.framework; name = FreeType.framework; path = /Library/Frameworks/FreeType.framework; sourceTree = "<absolute>"; };
		A93E6E5310420B57007D418B /* Lua.framework */ = {isa = PBXFileReference; lastKnownFileType = wrapper.framework; name = Lua.framework; path = /Library/Frameworks/Lua.framework; sourceTree = "<absolute>"; };
		A97E3842132A9EDE00198A2F /* love-macosx.plist */ = {isa = PBXFileReference; fileEncoding = 4; lastKnownFileType = text.plist.xml; name = "love-macosx.plist"; path = "macosx/love-macosx.plist"; sourceTree = "<group>"; };
		A9D307E9106635C3004FEDF8 /* physfs.framework */ = {isa = PBXFileReference; lastKnownFileType = wrapper.framework; name = physfs.framework; path = /Library/Frameworks/physfs.framework; sourceTree = "<absolute>"; };
		A9F16926109E7BAD00FC83D1 /* libmodplug.framework */ = {isa = PBXFileReference; lastKnownFileType = wrapper.framework; name = libmodplug.framework; path = /Library/Frameworks/libmodplug.framework; sourceTree = "<absolute>"; };
		A9F169A6109E824900FC83D1 /* mpg123.framework */ = {isa = PBXFileReference; lastKnownFileType = wrapper.framework; name = mpg123.framework; path = /Library/Frameworks/mpg123.framework; sourceTree = "<absolute>"; };
		FA0797981BF480A200034B7C /* GameController.framework */ = {isa = PBXFileReference; lastKnownFileType = wrapper.framework; name = GameController.framework; path = Platforms/iPhoneOS.platform/Developer/SDKs/iPhoneOS9.1.sdk/System/Library/Frameworks/GameController.framework; sourceTree = DEVELOPER_DIR; };
		FA08F69116C765A200F007B5 /* love.framework */ = {isa = PBXFileReference; lastKnownFileType = wrapper.framework; path = love.framework; sourceTree = BUILT_PRODUCTS_DIR; };
		FA0B7F061A95AAF3000E1D17 /* love.app */ = {isa = PBXFileReference; explicitFileType = wrapper.application; includeInIndex = 0; path = love.app; sourceTree = BUILT_PRODUCTS_DIR; };
		FA27B3CA1B498696008A9DCE /* Theora.framework */ = {isa = PBXFileReference; lastKnownFileType = wrapper.framework; name = Theora.framework; path = /Library/Frameworks/Theora.framework; sourceTree = "<absolute>"; };
		FA577A9316C7217800860150 /* liblove.xcodeproj */ = {isa = PBXFileReference; lastKnownFileType = "wrapper.pb-project"; path = liblove.xcodeproj; sourceTree = "<group>"; };
		FA5D24811A96CA1800C6FC8F /* OpenAL.framework */ = {isa = PBXFileReference; lastKnownFileType = wrapper.framework; name = OpenAL.framework; path = Platforms/iPhoneOS.platform/Developer/SDKs/iPhoneOS8.1.sdk/System/Library/Frameworks/OpenAL.framework; sourceTree = DEVELOPER_DIR; };
		FA5D24831A96CA2700C6FC8F /* OpenGLES.framework */ = {isa = PBXFileReference; lastKnownFileType = wrapper.framework; name = OpenGLES.framework; path = Platforms/iPhoneOS.platform/Developer/SDKs/iPhoneOS8.1.sdk/System/Library/Frameworks/OpenGLES.framework; sourceTree = DEVELOPER_DIR; };
		FA5D24871A96CA8A00C6FC8F /* UIKit.framework */ = {isa = PBXFileReference; lastKnownFileType = wrapper.framework; name = UIKit.framework; path = Platforms/iPhoneOS.platform/Developer/SDKs/iPhoneOS8.1.sdk/System/Library/Frameworks/UIKit.framework; sourceTree = DEVELOPER_DIR; };
		FA5D24891A96CA9600C6FC8F /* AudioToolbox.framework */ = {isa = PBXFileReference; lastKnownFileType = wrapper.framework; name = AudioToolbox.framework; path = Platforms/iPhoneOS.platform/Developer/SDKs/iPhoneOS8.1.sdk/System/Library/Frameworks/AudioToolbox.framework; sourceTree = DEVELOPER_DIR; };
		FA5D248B1A96CA9E00C6FC8F /* QuartzCore.framework */ = {isa = PBXFileReference; lastKnownFileType = wrapper.framework; name = QuartzCore.framework; path = Platforms/iPhoneOS.platform/Developer/SDKs/iPhoneOS8.1.sdk/System/Library/Frameworks/QuartzCore.framework; sourceTree = DEVELOPER_DIR; };
		FA5D248D1A96CAA700C6FC8F /* CoreGraphics.framework */ = {isa = PBXFileReference; lastKnownFileType = wrapper.framework; name = CoreGraphics.framework; path = Platforms/iPhoneOS.platform/Developer/SDKs/iPhoneOS8.1.sdk/System/Library/Frameworks/CoreGraphics.framework; sourceTree = DEVELOPER_DIR; };
		FA5D24931A96CABA00C6FC8F /* libz.dylib */ = {isa = PBXFileReference; lastKnownFileType = "compiled.mach-o.dylib"; name = libz.dylib; path = Platforms/iPhoneOS.platform/Developer/SDKs/iPhoneOS8.1.sdk/usr/lib/libz.dylib; sourceTree = DEVELOPER_DIR; };
		FA5D24951A96CAC200C6FC8F /* CoreMotion.framework */ = {isa = PBXFileReference; lastKnownFileType = wrapper.framework; name = CoreMotion.framework; path = Platforms/iPhoneOS.platform/Developer/SDKs/iPhoneOS8.1.sdk/System/Library/Frameworks/CoreMotion.framework; sourceTree = DEVELOPER_DIR; };
		FA5D24971A96CE1E00C6FC8F /* love-ios.plist */ = {isa = PBXFileReference; fileEncoding = 4; lastKnownFileType = text.plist.xml; name = "love-ios.plist"; path = "ios/love-ios.plist"; sourceTree = "<group>"; };
		FA5D249A1A96CF4300C6FC8F /* Images.xcassets */ = {isa = PBXFileReference; lastKnownFileType = folder.assetcatalog; path = Images.xcassets; sourceTree = "<group>"; };
		FA5D24C11A96D78000C6FC8F /* Foundation.framework */ = {isa = PBXFileReference; lastKnownFileType = wrapper.framework; name = Foundation.framework; path = Platforms/iPhoneOS.platform/Developer/SDKs/iPhoneOS8.1.sdk/System/Library/Frameworks/Foundation.framework; sourceTree = DEVELOPER_DIR; };
		FA7C63691A9C49570000FD29 /* Launch Screen.xib */ = {isa = PBXFileReference; fileEncoding = 4; lastKnownFileType = file.xib; name = "Launch Screen.xib"; path = "ios/Launch Screen.xib"; sourceTree = "<group>"; };
		FA9B4A0916E1579F00074F42 /* SDL2.framework */ = {isa = PBXFileReference; lastKnownFileType = wrapper.framework; name = SDL2.framework; path = /Library/Frameworks/SDL2.framework; sourceTree = "<absolute>"; };
		FAAFF04616CB120000CCDE45 /* OpenAL-Soft.framework */ = {isa = PBXFileReference; lastKnownFileType = wrapper.framework; name = "OpenAL-Soft.framework"; path = "/Library/Frameworks/OpenAL-Soft.framework"; sourceTree = "<absolute>"; };
		FAC1A448196F5DC600125284 /* license.txt */ = {isa = PBXFileReference; fileEncoding = 4; lastKnownFileType = text; name = license.txt; path = ../../license.txt; sourceTree = "<group>"; };
/* End PBXFileReference section */

/* Begin PBXFrameworksBuildPhase section */
		8D11072E0486CEB800E47090 /* Frameworks */ = {
			isa = PBXFrameworksBuildPhase;
			buildActionMask = 2147483647;
			files = (
				FA08F69616C766E000F007B5 /* love.framework in Frameworks */,
				8D11072F0486CEB800E47090 /* Cocoa.framework in Frameworks */,
				A93E6E5510420B57007D418B /* Lua.framework in Frameworks */,
				FA27B3CB1B498696008A9DCE /* Theora.framework in Frameworks */,
				FA9B4A0A16E1579F00074F42 /* SDL2.framework in Frameworks */,
			);
			runOnlyForDeploymentPostprocessing = 0;
		};
		FA0B7F031A95AAF3000E1D17 /* Frameworks */ = {
			isa = PBXFrameworksBuildPhase;
			buildActionMask = 2147483647;
			files = (
				FA5D24D11A96E73300C6FC8F /* liblove.a in Frameworks */,
				FA5D24C21A96D78000C6FC8F /* Foundation.framework in Frameworks */,
				FA5D24961A96CAC200C6FC8F /* CoreMotion.framework in Frameworks */,
				FA0797991BF480A200034B7C /* GameController.framework in Frameworks */,
				FA5D24941A96CABA00C6FC8F /* libz.dylib in Frameworks */,
				FA5D248E1A96CAA700C6FC8F /* CoreGraphics.framework in Frameworks */,
				FA5D248C1A96CA9E00C6FC8F /* QuartzCore.framework in Frameworks */,
				FA5D248A1A96CA9600C6FC8F /* AudioToolbox.framework in Frameworks */,
				FA5D24881A96CA8A00C6FC8F /* UIKit.framework in Frameworks */,
				FA5D24841A96CA2700C6FC8F /* OpenGLES.framework in Frameworks */,
				FA5D24821A96CA1800C6FC8F /* OpenAL.framework in Frameworks */,
			);
			runOnlyForDeploymentPostprocessing = 0;
		};
/* End PBXFrameworksBuildPhase section */

/* Begin PBXGroup section */
		053C11301D0515990081C098 /* common */ = {
			isa = PBXGroup;
			children = (
				053C11311D0515DA0081C098 /* scope_guard.h */,
			);
			path = common;
			sourceTree = "<group>";
		};
		05ACCB5C1D01157C00C3C931 /* lovemore */ = {
			isa = PBXGroup;
			children = (
				05ACCB6B1D01157C00C3C931 /* LuaBridge */,
				053C11301D0515990081C098 /* common */,
				05ACCB641D01157C00C3C931 /* gameobjct */,
				05ACCB5D1D01157C00C3C931 /* component */,
				05ACCB691D01157C00C3C931 /* lovemore.cpp */,
				05ACCB6A1D01157C00C3C931 /* lovemore.h */,
			);
			name = lovemore;
			path = ../../src/lovemore;
			sourceTree = "<group>";
		};
		05ACCB5D1D01157C00C3C931 /* component */ = {
			isa = PBXGroup;
			children = (
				05ACCC981D01698B00C3C931 /* SpineAnimator */,
				05ACCB5E1D01157C00C3C931 /* Component.cpp */,
				05ACCB5F1D01157C00C3C931 /* Component.h */,
				05ACCB601D01157C00C3C931 /* LuaComponent.cpp */,
				05ACCB611D01157C00C3C931 /* LuaComponent.h */,
				05ACCB621D01157C00C3C931 /* SpriteRenderer.cpp */,
				05ACCB631D01157C00C3C931 /* SpriteRenderer.h */,
			);
			path = component;
			sourceTree = "<group>";
		};
		05ACCB641D01157C00C3C931 /* gameobjct */ = {
			isa = PBXGroup;
			children = (
				05ACCB651D01157C00C3C931 /* GameObject.cpp */,
				05ACCB661D01157C00C3C931 /* GameObject.h */,
				05ACCB671D01157C00C3C931 /* Transform.cpp */,
				05ACCB681D01157C00C3C931 /* Transform.h */,
			);
			path = gameobjct;
			sourceTree = "<group>";
		};
		05ACCB6B1D01157C00C3C931 /* LuaBridge */ = {
			isa = PBXGroup;
			children = (
				05ACCB6C1D01157C00C3C931 /* detail */,
				05ACCB7B1D01157C00C3C931 /* LuaBridge.h */,
				05ACCB7C1D01157C00C3C931 /* RefCountedObject.h */,
				05ACCB7D1D01157C00C3C931 /* RefCountedPtr.h */,
			);
			path = LuaBridge;
			sourceTree = "<group>";
		};
		05ACCB6C1D01157C00C3C931 /* detail */ = {
			isa = PBXGroup;
			children = (
				05ACCB6D1D01157C00C3C931 /* CFunctions.h */,
				05ACCB6E1D01157C00C3C931 /* ClassInfo.h */,
				05ACCB6F1D01157C00C3C931 /* Constructor.h */,
				05ACCB701D01157C00C3C931 /* dump.h */,
				05ACCB711D01157C00C3C931 /* FuncTraits.h */,
				05ACCB721D01157C00C3C931 /* Iterator.h */,
				05ACCB731D01157C00C3C931 /* LuaException.h */,
				05ACCB741D01157C00C3C931 /* LuaHelpers.h */,
				05ACCB751D01157C00C3C931 /* LuaRef.h */,
				05ACCB761D01157C00C3C931 /* Namespace.h */,
				05ACCB771D01157C00C3C931 /* Stack.h */,
				05ACCB781D01157C00C3C931 /* TypeList.h */,
				05ACCB791D01157C00C3C931 /* TypeTraits.h */,
				05ACCB7A1D01157C00C3C931 /* Userdata.h */,
			);
			path = detail;
			sourceTree = "<group>";
		};
		05ACCC981D01698B00C3C931 /* SpineAnimator */ = {
			isa = PBXGroup;
			children = (
				05ACCC991D01698B00C3C931 /* Spine */,
				05ACCCDA1D01698B00C3C931 /* SpineAnimator.cpp */,
				05ACCCDB1D01698B00C3C931 /* SpineAnimator.h */,
			);
			path = SpineAnimator;
			sourceTree = "<group>";
		};
		05ACCC991D01698B00C3C931 /* Spine */ = {
			isa = PBXGroup;
			children = (
				05ACCC9B1D01698B00C3C931 /* include */,
				05ACCCBB1D01698B00C3C931 /* src */,
			);
			path = Spine;
			sourceTree = "<group>";
		};
		05ACCC9B1D01698B00C3C931 /* include */ = {
			isa = PBXGroup;
			children = (
				05ACCC9C1D01698B00C3C931 /* spine */,
			);
			path = include;
			sourceTree = "<group>";
		};
		05ACCC9C1D01698B00C3C931 /* spine */ = {
			isa = PBXGroup;
			children = (
				05ACCC9D1D01698B00C3C931 /* Animation.h */,
				05ACCC9E1D01698B00C3C931 /* AnimationState.h */,
				05ACCC9F1D01698B00C3C931 /* AnimationStateData.h */,
				05ACCCA01D01698B00C3C931 /* Atlas.h */,
				05ACCCA11D01698B00C3C931 /* AtlasAttachmentLoader.h */,
				05ACCCA21D01698B00C3C931 /* Attachment.h */,
				05ACCCA31D01698B00C3C931 /* AttachmentLoader.h */,
				05ACCCA41D01698B00C3C931 /* Bone.h */,
				05ACCCA51D01698B00C3C931 /* BoneData.h */,
				05ACCCA61D01698B00C3C931 /* BoundingBoxAttachment.h */,
				05ACCCA71D01698B00C3C931 /* Event.h */,
				05ACCCA81D01698B00C3C931 /* EventData.h */,
				05ACCCA91D01698B00C3C931 /* extension.h */,
				05ACCCAA1D01698B00C3C931 /* IkConstraint.h */,
				05ACCCAB1D01698B00C3C931 /* IkConstraintData.h */,
				05ACCCAC1D01698B00C3C931 /* MeshAttachment.h */,
				05ACCCAD1D01698B00C3C931 /* RegionAttachment.h */,
				05ACCCAE1D01698B00C3C931 /* Skeleton.h */,
				05ACCCAF1D01698B00C3C931 /* SkeletonBounds.h */,
				05ACCCB01D01698B00C3C931 /* SkeletonData.h */,
				05ACCCB11D01698B00C3C931 /* SkeletonJson.h */,
				05ACCCB21D01698B00C3C931 /* Skin.h */,
				05ACCCB31D01698B00C3C931 /* Slot.h */,
				05ACCCB41D01698B00C3C931 /* SlotData.h */,
				05ACCCB51D01698B00C3C931 /* spine.h */,
				05ACCCB61D01698B00C3C931 /* TransformConstraint.h */,
				05ACCCB71D01698B00C3C931 /* TransformConstraintData.h */,
				05ACCCB81D01698B00C3C931 /* WeightedMeshAttachment.h */,
			);
			path = spine;
			sourceTree = "<group>";
		};
		05ACCCBB1D01698B00C3C931 /* src */ = {
			isa = PBXGroup;
			children = (
				05ACCCBC1D01698B00C3C931 /* spine */,
			);
			path = src;
			sourceTree = "<group>";
		};
		05ACCCBC1D01698B00C3C931 /* spine */ = {
			isa = PBXGroup;
			children = (
				05ACCCBD1D01698B00C3C931 /* Animation.c */,
				05ACCCBE1D01698B00C3C931 /* AnimationState.c */,
				05ACCCBF1D01698B00C3C931 /* AnimationStateData.c */,
				05ACCCC01D01698B00C3C931 /* Atlas.c */,
				05ACCCC11D01698B00C3C931 /* AtlasAttachmentLoader.c */,
				05ACCCC21D01698B00C3C931 /* Attachment.c */,
				05ACCCC31D01698B00C3C931 /* AttachmentLoader.c */,
				05ACCCC41D01698B00C3C931 /* Bone.c */,
				05ACCCC51D01698B00C3C931 /* BoneData.c */,
				05ACCCC61D01698B00C3C931 /* BoundingBoxAttachment.c */,
				05ACCCC71D01698B00C3C931 /* Event.c */,
				05ACCCC81D01698B00C3C931 /* EventData.c */,
				05ACCCC91D01698B00C3C931 /* extension.c */,
				05ACCCCA1D01698B00C3C931 /* IkConstraint.c */,
				05ACCCCB1D01698B00C3C931 /* IkConstraintData.c */,
				05ACCCCC1D01698B00C3C931 /* Json.c */,
				05ACCCCD1D01698B00C3C931 /* Json.h */,
				05ACCCCE1D01698B00C3C931 /* MeshAttachment.c */,
				05ACCCCF1D01698B00C3C931 /* RegionAttachment.c */,
				05ACCCD01D01698B00C3C931 /* Skeleton.c */,
				05ACCCD11D01698B00C3C931 /* SkeletonBounds.c */,
				05ACCCD21D01698B00C3C931 /* SkeletonData.c */,
				05ACCCD31D01698B00C3C931 /* SkeletonJson.c */,
				05ACCCD41D01698B00C3C931 /* Skin.c */,
				05ACCCD51D01698B00C3C931 /* Slot.c */,
				05ACCCD61D01698B00C3C931 /* SlotData.c */,
				05ACCCD71D01698B00C3C931 /* TransformConstraint.c */,
				05ACCCD81D01698B00C3C931 /* TransformConstraintData.c */,
				05ACCCD91D01698B00C3C931 /* WeightedMeshAttachment.c */,
			);
			path = spine;
			sourceTree = "<group>";
		};
		1058C7A0FEA54F0111CA2CBB /* Frameworks */ = {
			isa = PBXGroup;
			children = (
				FA5D24801A96C97900C6FC8F /* ios */,
				FA0B7EEC1A959249000E1D17 /* macosx */,
			);
			name = Frameworks;
			sourceTree = "<group>";
		};
		19C28FACFE9D520D11CA2CBB /* Products */ = {
			isa = PBXGroup;
			children = (
				8D1107320486CEB800E47090 /* love.app */,
				FA0B7F061A95AAF3000E1D17 /* love.app */,
			);
			name = Products;
			sourceTree = "<group>";
		};
		29B97314FDCFA39411CA2CEA /* love */ = {
			isa = PBXGroup;
			children = (
				FA5D249A1A96CF4300C6FC8F /* Images.xcassets */,
				FA577A9D16C7262E00860150 /* Source */,
				FA5D24A01A96CF7200C6FC8F /* Supporting Files */,
				1058C7A0FEA54F0111CA2CBB /* Frameworks */,
				19C28FACFE9D520D11CA2CBB /* Products */,
				29B97317FDCFA39411CA2CEA /* Resources */,
				FA577A9316C7217800860150 /* liblove.xcodeproj */,
			);
			name = love;
			sourceTree = "<group>";
			usesTabs = 1;
		};
		29B97317FDCFA39411CA2CEA /* Resources */ = {
			isa = PBXGroup;
			children = (
				FAC1A448196F5DC600125284 /* license.txt */,
			);
			name = Resources;
			sourceTree = "<group>";
		};
		FA0B78D41A958301000E1D17 /* Products */ = {
			isa = PBXGroup;
			children = (
				FA0B78D81A958301000E1D17 /* love.framework */,
				FA0B7EEF1A95924A000E1D17 /* liblove.a */,
			);
			name = Products;
			sourceTree = "<group>";
		};
		FA0B7EEC1A959249000E1D17 /* macosx */ = {
			isa = PBXGroup;
			children = (
				FA27B3CA1B498696008A9DCE /* Theora.framework */,
				1058C7A1FEA54F0111CA2CBB /* Cocoa.framework */,
				A93E6E4810420B4A007D418B /* FreeType.framework */,
				A9F16926109E7BAD00FC83D1 /* libmodplug.framework */,
				FA08F69116C765A200F007B5 /* love.framework */,
				A93E6E5310420B57007D418B /* Lua.framework */,
				A9F169A6109E824900FC83D1 /* mpg123.framework */,
				A9255F51104324D700BA1496 /* Ogg.framework */,
				FAAFF04616CB120000CCDE45 /* OpenAL-Soft.framework */,
				A93E6E4710420B4A007D418B /* OpenGL.framework */,
				A9D307E9106635C3004FEDF8 /* physfs.framework */,
				FA9B4A0916E1579F00074F42 /* SDL2.framework */,
				A9255E021043195A00BA1496 /* Vorbis.framework */,
			);
			name = macosx;
			sourceTree = "<group>";
		};
		FA577A9D16C7262E00860150 /* Source */ = {
			isa = PBXGroup;
			children = (
				05ACCB5C1D01157C00C3C931 /* lovemore */,
				A93E6A3410420AC0007D418B /* love.cpp */,
			);
			name = Source;
			sourceTree = "<group>";
		};
		FA5D24801A96C97900C6FC8F /* ios */ = {
			isa = PBXGroup;
			children = (
				FA0797981BF480A200034B7C /* GameController.framework */,
				FA5D24C11A96D78000C6FC8F /* Foundation.framework */,
				FA5D24891A96CA9600C6FC8F /* AudioToolbox.framework */,
				FA5D248D1A96CAA700C6FC8F /* CoreGraphics.framework */,
				FA5D24951A96CAC200C6FC8F /* CoreMotion.framework */,
				FA5D24931A96CABA00C6FC8F /* libz.dylib */,
				FA5D24811A96CA1800C6FC8F /* OpenAL.framework */,
				FA5D24831A96CA2700C6FC8F /* OpenGLES.framework */,
				FA5D248B1A96CA9E00C6FC8F /* QuartzCore.framework */,
				FA5D24871A96CA8A00C6FC8F /* UIKit.framework */,
			);
			name = ios;
			sourceTree = "<group>";
		};
		FA5D24A01A96CF7200C6FC8F /* Supporting Files */ = {
			isa = PBXGroup;
			children = (
				FA7C63691A9C49570000FD29 /* Launch Screen.xib */,
				FA5D24971A96CE1E00C6FC8F /* love-ios.plist */,
				A97E3842132A9EDE00198A2F /* love-macosx.plist */,
			);
			name = "Supporting Files";
			sourceTree = "<group>";
		};
/* End PBXGroup section */

/* Begin PBXNativeTarget section */
		8D1107260486CEB800E47090 /* love-macosx */ = {
			isa = PBXNativeTarget;
			buildConfigurationList = C01FCF4A08A954540054247B /* Build configuration list for PBXNativeTarget "love-macosx" */;
			buildPhases = (
				8D1107290486CEB800E47090 /* Resources */,
				8D11072C0486CEB800E47090 /* Sources */,
				A9255DDE1043185300BA1496 /* Copy Frameworks */,
				8D11072E0486CEB800E47090 /* Frameworks */,
			);
			buildRules = (
			);
			dependencies = (
				FAA287721B0ABF1400B82827 /* PBXTargetDependency */,
			);
			name = "love-macosx";
			productInstallPath = "$(HOME)/Applications";
			productName = love;
			productReference = 8D1107320486CEB800E47090 /* love.app */;
			productType = "com.apple.product-type.application";
		};
		FA0B7F051A95AAF3000E1D17 /* love-ios */ = {
			isa = PBXNativeTarget;
			buildConfigurationList = FA0B7F2E1A95AAF4000E1D17 /* Build configuration list for PBXNativeTarget "love-ios" */;
			buildPhases = (
				FA0B7F021A95AAF3000E1D17 /* Sources */,
				FA0B7F031A95AAF3000E1D17 /* Frameworks */,
				FA0B7F041A95AAF3000E1D17 /* Resources */,
			);
			buildRules = (
			);
			dependencies = (
				FA5D24BB1A96D6FC00C6FC8F /* PBXTargetDependency */,
			);
			name = "love-ios";
			productName = "love-ios";
			productReference = FA0B7F061A95AAF3000E1D17 /* love.app */;
			productType = "com.apple.product-type.application";
		};
/* End PBXNativeTarget section */

/* Begin PBXProject section */
		29B97313FDCFA39411CA2CEA /* Project object */ = {
			isa = PBXProject;
			attributes = {
				LastUpgradeCheck = 0700;
				TargetAttributes = {
					FA0B7F051A95AAF3000E1D17 = {
						CreatedOnToolsVersion = 6.1.1;
					};
				};
			};
			buildConfigurationList = C01FCF4E08A954540054247B /* Build configuration list for PBXProject "love" */;
			compatibilityVersion = "Xcode 3.2";
			developmentRegion = English;
			hasScannedForEncodings = 1;
			knownRegions = (
				English,
				Japanese,
				French,
				German,
				Base,
			);
			mainGroup = 29B97314FDCFA39411CA2CEA /* love */;
			projectDirPath = "";
			projectReferences = (
				{
					ProductGroup = FA0B78D41A958301000E1D17 /* Products */;
					ProjectRef = FA577A9316C7217800860150 /* liblove.xcodeproj */;
				},
			);
			projectRoot = "";
			targets = (
				8D1107260486CEB800E47090 /* love-macosx */,
				FA0B7F051A95AAF3000E1D17 /* love-ios */,
			);
		};
/* End PBXProject section */

/* Begin PBXReferenceProxy section */
		FA0B78D81A958301000E1D17 /* love.framework */ = {
			isa = PBXReferenceProxy;
			fileType = wrapper.framework;
			path = love.framework;
			remoteRef = FA0B78D71A958301000E1D17 /* PBXContainerItemProxy */;
			sourceTree = BUILT_PRODUCTS_DIR;
		};
		FA0B7EEF1A95924A000E1D17 /* liblove.a */ = {
			isa = PBXReferenceProxy;
			fileType = archive.ar;
			path = liblove.a;
			remoteRef = FA0B7EEE1A95924A000E1D17 /* PBXContainerItemProxy */;
			sourceTree = BUILT_PRODUCTS_DIR;
		};
/* End PBXReferenceProxy section */

/* Begin PBXResourcesBuildPhase section */
		8D1107290486CEB800E47090 /* Resources */ = {
			isa = PBXResourcesBuildPhase;
			buildActionMask = 2147483647;
			files = (
				FA5933751C6D625B000EC779 /* Images.xcassets in Resources */,
				FAC1A449196F5DC600125284 /* license.txt in Resources */,
			);
			runOnlyForDeploymentPostprocessing = 0;
		};
		FA0B7F041A95AAF3000E1D17 /* Resources */ = {
			isa = PBXResourcesBuildPhase;
			buildActionMask = 2147483647;
			files = (
				FA5D249C1A96CF4300C6FC8F /* Images.xcassets in Resources */,
				FA7C636A1A9C49570000FD29 /* Launch Screen.xib in Resources */,
			);
			runOnlyForDeploymentPostprocessing = 0;
		};
/* End PBXResourcesBuildPhase section */

/* Begin PBXSourcesBuildPhase section */
		8D11072C0486CEB800E47090 /* Sources */ = {
			isa = PBXSourcesBuildPhase;
			buildActionMask = 2147483647;
			files = (
				05ACCB821D01157C00C3C931 /* Transform.cpp in Sources */,
				05ACCD101D01698B00C3C931 /* SlotData.c in Sources */,
				05ACCD001D01698B00C3C931 /* MeshAttachment.c in Sources */,
				A93E6EED10420BA8007D418B /* love.cpp in Sources */,
				05ACCB801D01157C00C3C931 /* SpriteRenderer.cpp in Sources */,
				05ACCD021D01698B00C3C931 /* RegionAttachment.c in Sources */,
				05ACCB7F1D01157C00C3C931 /* LuaComponent.cpp in Sources */,
				05ACCD121D01698B00C3C931 /* TransformConstraint.c in Sources */,
				05ACCD0A1D01698B00C3C931 /* SkeletonJson.c in Sources */,
				05ACCCEA1D01698B00C3C931 /* Attachment.c in Sources */,
				05ACCCE81D01698B00C3C931 /* AtlasAttachmentLoader.c in Sources */,
				05ACCCEC1D01698B00C3C931 /* AttachmentLoader.c in Sources */,
				05ACCD1A1D02AECA00C3C931 /* SpineAnimator.cpp in Sources */,
				05ACCD141D01698B00C3C931 /* TransformConstraintData.c in Sources */,
				05ACCB831D01157C00C3C931 /* lovemore.cpp in Sources */,
				05ACCCF61D01698B00C3C931 /* EventData.c in Sources */,
				05ACCCFE1D01698B00C3C931 /* Json.c in Sources */,
				05ACCCF41D01698B00C3C931 /* Event.c in Sources */,
				05ACCCE01D01698B00C3C931 /* Animation.c in Sources */,
				05ACCB7E1D01157C00C3C931 /* Component.cpp in Sources */,
				05ACCD081D01698B00C3C931 /* SkeletonData.c in Sources */,
				05ACCCF21D01698B00C3C931 /* BoundingBoxAttachment.c in Sources */,
				05ACCCF81D01698B00C3C931 /* extension.c in Sources */,
				05ACCD061D01698B00C3C931 /* SkeletonBounds.c in Sources */,
				05ACCD041D01698B00C3C931 /* Skeleton.c in Sources */,
				05ACCD161D01698B00C3C931 /* WeightedMeshAttachment.c in Sources */,
				05ACCCEE1D01698B00C3C931 /* Bone.c in Sources */,
				05ACCCFA1D01698B00C3C931 /* IkConstraint.c in Sources */,
				05ACCCF01D01698B00C3C931 /* BoneData.c in Sources */,
				05ACCD0E1D01698B00C3C931 /* Slot.c in Sources */,
				05ACCCE41D01698B00C3C931 /* AnimationStateData.c in Sources */,
				05ACCCE61D01698B00C3C931 /* Atlas.c in Sources */,
				05ACCCFC1D01698B00C3C931 /* IkConstraintData.c in Sources */,
				05ACCD0C1D01698B00C3C931 /* Skin.c in Sources */,
				05ACCCE21D01698B00C3C931 /* AnimationState.c in Sources */,
				05ACCB811D01157C00C3C931 /* GameObject.cpp in Sources */,
			);
			runOnlyForDeploymentPostprocessing = 0;
		};
		FA0B7F021A95AAF3000E1D17 /* Sources */ = {
			isa = PBXSourcesBuildPhase;
			buildActionMask = 2147483647;
			files = (
				05ACCB891D0122EB00C3C931 /* Transform.cpp in Sources */,
				05ACCD191D01698B00C3C931 /* SpineAnimator.cpp in Sources */,
				05ACCD111D01698B00C3C931 /* SlotData.c in Sources */,
				05ACCD011D01698B00C3C931 /* MeshAttachment.c in Sources */,
				05ACCB841D0122DB00C3C931 /* lovemore.cpp in Sources */,
				05ACCB871D0122E300C3C931 /* SpriteRenderer.cpp in Sources */,
				05ACCD031D01698B00C3C931 /* RegionAttachment.c in Sources */,
				05ACCB881D0122EB00C3C931 /* GameObject.cpp in Sources */,
				05ACCD131D01698B00C3C931 /* TransformConstraint.c in Sources */,
				05ACCD0B1D01698B00C3C931 /* SkeletonJson.c in Sources */,
				05ACCCEB1D01698B00C3C931 /* Attachment.c in Sources */,
				05ACCCE91D01698B00C3C931 /* AtlasAttachmentLoader.c in Sources */,
				05ACCCED1D01698B00C3C931 /* AttachmentLoader.c in Sources */,
				05ACCD151D01698B00C3C931 /* TransformConstraintData.c in Sources */,
				05ACCB851D0122E300C3C931 /* Component.cpp in Sources */,
				05ACCCF71D01698B00C3C931 /* EventData.c in Sources */,
				05ACCCFF1D01698B00C3C931 /* Json.c in Sources */,
				05ACCCF51D01698B00C3C931 /* Event.c in Sources */,
				05ACCCE11D01698B00C3C931 /* Animation.c in Sources */,
				05ACCB861D0122E300C3C931 /* LuaComponent.cpp in Sources */,
				05ACCD091D01698B00C3C931 /* SkeletonData.c in Sources */,
				05ACCCF31D01698B00C3C931 /* BoundingBoxAttachment.c in Sources */,
				05ACCCF91D01698B00C3C931 /* extension.c in Sources */,
				05ACCD071D01698B00C3C931 /* SkeletonBounds.c in Sources */,
				05ACCD051D01698B00C3C931 /* Skeleton.c in Sources */,
				05ACCD171D01698B00C3C931 /* WeightedMeshAttachment.c in Sources */,
				05ACCCEF1D01698B00C3C931 /* Bone.c in Sources */,
				05ACCCFB1D01698B00C3C931 /* IkConstraint.c in Sources */,
				05ACCCF11D01698B00C3C931 /* BoneData.c in Sources */,
				05ACCD0F1D01698B00C3C931 /* Slot.c in Sources */,
				05ACCCE51D01698B00C3C931 /* AnimationStateData.c in Sources */,
				05ACCCE71D01698B00C3C931 /* Atlas.c in Sources */,
				05ACCCFD1D01698B00C3C931 /* IkConstraintData.c in Sources */,
				05ACCD0D1D01698B00C3C931 /* Skin.c in Sources */,
				05ACCCE31D01698B00C3C931 /* AnimationState.c in Sources */,
				FA0B7F301A95AC7D000E1D17 /* love.cpp in Sources */,
			);
			runOnlyForDeploymentPostprocessing = 0;
		};
/* End PBXSourcesBuildPhase section */

/* Begin PBXTargetDependency section */
		FA5D24BB1A96D6FC00C6FC8F /* PBXTargetDependency */ = {
			isa = PBXTargetDependency;
			name = "liblove-ios";
			targetProxy = FA5D24BA1A96D6FC00C6FC8F /* PBXContainerItemProxy */;
		};
		FAA287721B0ABF1400B82827 /* PBXTargetDependency */ = {
			isa = PBXTargetDependency;
			name = "liblove-macosx";
			targetProxy = FAA287711B0ABF1400B82827 /* PBXContainerItemProxy */;
		};
/* End PBXTargetDependency section */

/* Begin XCBuildConfiguration section */
		C01FCF4B08A954540054247B /* Debug */ = {
			isa = XCBuildConfiguration;
			buildSettings = {
				ASSETCATALOG_COMPILER_APPICON_NAME = "OS X AppIcon";
				COMBINE_HIDPI_IMAGES = YES;
				FRAMEWORK_SEARCH_PATHS = (
					"$(inherited)",
					/Library/Frameworks,
					"\"$(SRCROOT)/build/Release\"",
					"\"$(SRCROOT)/build/Debug\"",
					"$(LOCAL_LIBRARY_DIR)/Frameworks",
				);
				GCC_DYNAMIC_NO_PIC = NO;
				GCC_OPTIMIZATION_LEVEL = 0;
				HEADER_SEARCH_PATHS = (
					"$(inherited)",
					/Library/Frameworks/Lua.framework/Headers,
					/Library/Frameworks/SDL2.framework/Headers,
				);
				INFOPLIST_FILE = "macosx/love-macosx.plist";
				INSTALL_PATH = /Applications;
				LD_RUNPATH_SEARCH_PATHS = "$(inherited) @executable_path/../Frameworks";
				PRODUCT_BUNDLE_IDENTIFIER = org.love2d.love;
				PRODUCT_NAME = love;
			};
			name = Debug;
		};
		C01FCF4C08A954540054247B /* Release */ = {
			isa = XCBuildConfiguration;
			buildSettings = {
				ASSETCATALOG_COMPILER_APPICON_NAME = "OS X AppIcon";
				COMBINE_HIDPI_IMAGES = YES;
				DEBUG_INFORMATION_FORMAT = "dwarf-with-dsym";
				FRAMEWORK_SEARCH_PATHS = (
					"$(inherited)",
					/Library/Frameworks,
					"\"$(SRCROOT)/build/Release\"",
					"\"$(SRCROOT)/build/Debug\"",
					"$(LOCAL_LIBRARY_DIR)/Frameworks",
				);
				HEADER_SEARCH_PATHS = (
					"$(inherited)",
					/Library/Frameworks/Lua.framework/Headers,
					/Library/Frameworks/SDL2.framework/Headers,
				);
				INFOPLIST_FILE = "macosx/love-macosx.plist";
				INSTALL_PATH = /Applications;
				LD_RUNPATH_SEARCH_PATHS = "$(inherited) @executable_path/../Frameworks";
				PRODUCT_BUNDLE_IDENTIFIER = org.love2d.love;
				PRODUCT_NAME = love;
			};
			name = Release;
		};
		C01FCF4F08A954540054247B /* Debug */ = {
			isa = XCBuildConfiguration;
			buildSettings = {
				ALWAYS_SEARCH_USER_PATHS = NO;
				CLANG_CXX_LANGUAGE_STANDARD = "c++0x";
				CLANG_CXX_LIBRARY = "libc++";
				CLANG_ENABLE_MODULES = YES;
				CLANG_ENABLE_OBJC_ARC = YES;
				ENABLE_TESTABILITY = YES;
				FRAMEWORK_SEARCH_PATHS = "";
				GCC_INCREASE_PRECOMPILED_HEADER_SHARING = YES;
				GCC_OPTIMIZATION_LEVEL = 0;
				GCC_PREPROCESSOR_DEFINITIONS = LOVE_APPLE_USE_FRAMEWORKS;
				GCC_TREAT_IMPLICIT_FUNCTION_DECLARATIONS_AS_ERRORS = NO;
				GCC_WARN_ABOUT_MISSING_NEWLINE = NO;
				GCC_WARN_ABOUT_MISSING_PROTOTYPES = NO;
				GCC_WARN_ABOUT_POINTER_SIGNEDNESS = YES;
				GCC_WARN_ABOUT_RETURN_TYPE = NO;
				GCC_WARN_CHECK_SWITCH_STATEMENTS = YES;
				GCC_WARN_FOUR_CHARACTER_CONSTANTS = NO;
				GCC_WARN_HIDDEN_VIRTUAL_FUNCTIONS = NO;
				GCC_WARN_INITIALIZER_NOT_FULLY_BRACKETED = NO;
				GCC_WARN_MISSING_PARENTHESES = NO;
				GCC_WARN_NON_VIRTUAL_DESTRUCTOR = NO;
				GCC_WARN_PEDANTIC = NO;
				GCC_WARN_SHADOW = NO;
				GCC_WARN_SIGN_COMPARE = YES;
				GCC_WARN_TYPECHECK_CALLS_TO_PRINTF = NO;
				GCC_WARN_UNUSED_VARIABLE = YES;
				HEADER_SEARCH_PATHS = (
					"\"$(SRCROOT)/../../src\"",
					"\"$(SRCROOT)/../../src/libraries\"",
					"\"$(SRCROOT)/../../src/modules\"",
					"\"$(SRCROOT)/../../src/lovemore/component/SpineAnimator/\"",
					"\"$(SRCROOT)/../../src/lovemore/component/SpineAnimator/Spine/include\"",
				);
				INFOPLIST_FILE = "love-Info.plist";
				IPHONEOS_DEPLOYMENT_TARGET = 6.0;
				LD_RUNPATH_SEARCH_PATHS = "@loader_path/../Frameworks";
				MACOSX_DEPLOYMENT_TARGET = 10.7;
				ONLY_ACTIVE_ARCH = YES;
				OTHER_LDFLAGS = "";
				"OTHER_LDFLAGS[arch=x86_64]" = (
					"-pagezero_size",
					10000,
					"-image_base",
					100000000,
				);
				PRODUCT_NAME = love;
				SDKROOT = macosx;
				WARNING_CFLAGS = (
					"-Wall",
					"-W",
				);
			};
			name = Debug;
		};
		C01FCF5008A954540054247B /* Release */ = {
			isa = XCBuildConfiguration;
			buildSettings = {
				ALWAYS_SEARCH_USER_PATHS = NO;
				CLANG_CXX_LANGUAGE_STANDARD = "c++0x";
				CLANG_CXX_LIBRARY = "libc++";
				CLANG_ENABLE_MODULES = YES;
				CLANG_ENABLE_OBJC_ARC = YES;
				DEPLOYMENT_POSTPROCESSING = NO;
				FRAMEWORK_SEARCH_PATHS = "";
				GCC_INPUT_FILETYPE = automatic;
				GCC_OPTIMIZATION_LEVEL = 3;
				GCC_PREPROCESSOR_DEFINITIONS = LOVE_APPLE_USE_FRAMEWORKS;
				GCC_TREAT_IMPLICIT_FUNCTION_DECLARATIONS_AS_ERRORS = NO;
				GCC_WARN_ABOUT_MISSING_NEWLINE = NO;
				GCC_WARN_ABOUT_MISSING_PROTOTYPES = NO;
				GCC_WARN_ABOUT_POINTER_SIGNEDNESS = YES;
				GCC_WARN_ABOUT_RETURN_TYPE = NO;
				GCC_WARN_CHECK_SWITCH_STATEMENTS = YES;
				GCC_WARN_FOUR_CHARACTER_CONSTANTS = NO;
				GCC_WARN_HIDDEN_VIRTUAL_FUNCTIONS = NO;
				GCC_WARN_INITIALIZER_NOT_FULLY_BRACKETED = NO;
				GCC_WARN_MISSING_PARENTHESES = NO;
				GCC_WARN_NON_VIRTUAL_DESTRUCTOR = NO;
				GCC_WARN_PEDANTIC = NO;
				GCC_WARN_SHADOW = NO;
				GCC_WARN_SIGN_COMPARE = YES;
				GCC_WARN_TYPECHECK_CALLS_TO_PRINTF = NO;
				GCC_WARN_UNUSED_PARAMETER = NO;
				GCC_WARN_UNUSED_VALUE = NO;
				GCC_WARN_UNUSED_VARIABLE = YES;
				HEADER_SEARCH_PATHS = (
					"\"$(SRCROOT)/../../src\"",
					"\"$(SRCROOT)/../../src/libraries\"",
					"\"$(SRCROOT)/../../src/modules\"",
					"\"$(SRCROOT)/../../src/lovemore/component/SpineAnimator/\"",
					"\"$(SRCROOT)/../../src/lovemore/component/SpineAnimator/Spine/include\"",
				);
				INFOPLIST_FILE = "love-Info.plist";
				IPHONEOS_DEPLOYMENT_TARGET = 6.0;
				LD_RUNPATH_SEARCH_PATHS = "@loader_path/../Frameworks";
				LLVM_LTO = YES;
				MACOSX_DEPLOYMENT_TARGET = 10.7;
				ONLY_ACTIVE_ARCH = NO;
				OTHER_LDFLAGS = "";
				"OTHER_LDFLAGS[arch=x86_64]" = (
					"-pagezero_size",
					10000,
					"-image_base",
					100000000,
				);
				PRODUCT_NAME = love;
				SCAN_ALL_SOURCE_FILES_FOR_INCLUDES = YES;
				SDKROOT = macosx;
				WARNING_CFLAGS = (
					"-Wall",
					"-W",
				);
			};
			name = Release;
		};
		FA0B7F261A95AAF4000E1D17 /* Debug */ = {
			isa = XCBuildConfiguration;
			buildSettings = {
				ASSETCATALOG_COMPILER_APPICON_NAME = "iOS AppIcon";
				ASSETCATALOG_COMPILER_LAUNCHIMAGE_NAME = "iOS LaunchImage";
				CLANG_WARN_BOOL_CONVERSION = YES;
				CLANG_WARN_CONSTANT_CONVERSION = YES;
				CLANG_WARN_DIRECT_OBJC_ISA_USAGE = YES_ERROR;
				CLANG_WARN_EMPTY_BODY = YES;
				CLANG_WARN_ENUM_CONVERSION = YES;
				CLANG_WARN_INT_CONVERSION = YES;
				CLANG_WARN_OBJC_ROOT_CLASS = YES_ERROR;
				CLANG_WARN_UNREACHABLE_CODE = YES;
				CLANG_WARN__DUPLICATE_METHOD_MATCH = YES;
				"CODE_SIGN_IDENTITY[sdk=iphoneos*]" = "iPhone Developer";
				COPY_PHASE_STRIP = NO;
				ENABLE_BITCODE = NO;
				ENABLE_STRICT_OBJC_MSGSEND = YES;
				GCC_DYNAMIC_NO_PIC = NO;
				GCC_PREPROCESSOR_DEFINITIONS = (
					"DEBUG=1",
					"$(inherited)",
				);
				GCC_SYMBOLS_PRIVATE_EXTERN = NO;
				GCC_WARN_64_TO_32_BIT_CONVERSION = YES;
				GCC_WARN_ABOUT_RETURN_TYPE = YES_ERROR;
				GCC_WARN_UNDECLARED_SELECTOR = YES;
				GCC_WARN_UNINITIALIZED_AUTOS = YES_AGGRESSIVE;
				GCC_WARN_UNUSED_FUNCTION = YES;
				HEADER_SEARCH_PATHS = (
					"$(inherited)",
					ios/include,
					ios/include/luajit,
					ios/include/SDL2,
				);
				INFOPLIST_FILE = "$(SRCROOT)/ios/love-ios.plist";
				IPHONEOS_DEPLOYMENT_TARGET = 6.0;
				LD_RUNPATH_SEARCH_PATHS = "$(inherited) @executable_path/Frameworks";
				MTL_ENABLE_DEBUG_INFO = YES;
				PRODUCT_BUNDLE_IDENTIFIER = org.love2d.love;
				PRODUCT_NAME = love;
				SDKROOT = iphoneos;
				TARGETED_DEVICE_FAMILY = "1,2";
			};
			name = Debug;
		};
		FA0B7F271A95AAF4000E1D17 /* Release */ = {
			isa = XCBuildConfiguration;
			buildSettings = {
				ASSETCATALOG_COMPILER_APPICON_NAME = "iOS AppIcon";
				ASSETCATALOG_COMPILER_LAUNCHIMAGE_NAME = "iOS LaunchImage";
				CLANG_WARN_BOOL_CONVERSION = YES;
				CLANG_WARN_CONSTANT_CONVERSION = YES;
				CLANG_WARN_DIRECT_OBJC_ISA_USAGE = YES_ERROR;
				CLANG_WARN_EMPTY_BODY = YES;
				CLANG_WARN_ENUM_CONVERSION = YES;
				CLANG_WARN_INT_CONVERSION = YES;
				CLANG_WARN_OBJC_ROOT_CLASS = YES_ERROR;
				CLANG_WARN_UNREACHABLE_CODE = YES;
				CLANG_WARN__DUPLICATE_METHOD_MATCH = YES;
				"CODE_SIGN_IDENTITY[sdk=iphoneos*]" = "iPhone Developer";
				COPY_PHASE_STRIP = YES;
				ENABLE_BITCODE = NO;
				ENABLE_NS_ASSERTIONS = NO;
				ENABLE_STRICT_OBJC_MSGSEND = YES;
				GCC_WARN_64_TO_32_BIT_CONVERSION = YES;
				GCC_WARN_ABOUT_RETURN_TYPE = YES_ERROR;
				GCC_WARN_UNDECLARED_SELECTOR = YES;
				GCC_WARN_UNINITIALIZED_AUTOS = YES_AGGRESSIVE;
				GCC_WARN_UNUSED_FUNCTION = YES;
				HEADER_SEARCH_PATHS = (
					"$(inherited)",
					ios/include,
					ios/include/luajit,
					ios/include/SDL2,
				);
				INFOPLIST_FILE = "$(SRCROOT)/ios/love-ios.plist";
				IPHONEOS_DEPLOYMENT_TARGET = 6.0;
				LD_RUNPATH_SEARCH_PATHS = "$(inherited) @executable_path/Frameworks";
				MTL_ENABLE_DEBUG_INFO = NO;
				PRODUCT_BUNDLE_IDENTIFIER = org.love2d.love;
				PRODUCT_NAME = love;
				SDKROOT = iphoneos;
				TARGETED_DEVICE_FAMILY = "1,2";
				VALIDATE_PRODUCT = YES;
			};
			name = Release;
		};
		FA0B7F281A95AAF4000E1D17 /* Distribution */ = {
			isa = XCBuildConfiguration;
			buildSettings = {
				ASSETCATALOG_COMPILER_APPICON_NAME = "iOS AppIcon";
				ASSETCATALOG_COMPILER_LAUNCHIMAGE_NAME = "iOS LaunchImage";
				CLANG_WARN_BOOL_CONVERSION = YES;
				CLANG_WARN_CONSTANT_CONVERSION = YES;
				CLANG_WARN_DIRECT_OBJC_ISA_USAGE = YES_ERROR;
				CLANG_WARN_EMPTY_BODY = YES;
				CLANG_WARN_ENUM_CONVERSION = YES;
				CLANG_WARN_INT_CONVERSION = YES;
				CLANG_WARN_OBJC_ROOT_CLASS = YES_ERROR;
				CLANG_WARN_UNREACHABLE_CODE = YES;
				CLANG_WARN__DUPLICATE_METHOD_MATCH = YES;
				"CODE_SIGN_IDENTITY[sdk=iphoneos*]" = "iPhone Developer";
				COPY_PHASE_STRIP = YES;
				ENABLE_BITCODE = NO;
				ENABLE_NS_ASSERTIONS = NO;
				ENABLE_STRICT_OBJC_MSGSEND = YES;
				GCC_WARN_64_TO_32_BIT_CONVERSION = YES;
				GCC_WARN_ABOUT_RETURN_TYPE = YES_ERROR;
				GCC_WARN_UNDECLARED_SELECTOR = YES;
				GCC_WARN_UNINITIALIZED_AUTOS = YES_AGGRESSIVE;
				GCC_WARN_UNUSED_FUNCTION = YES;
				HEADER_SEARCH_PATHS = (
					"$(inherited)",
					ios/include,
					ios/include/luajit,
					ios/include/SDL2,
				);
				INFOPLIST_FILE = "$(SRCROOT)/ios/love-ios.plist";
				IPHONEOS_DEPLOYMENT_TARGET = 6.0;
				LD_RUNPATH_SEARCH_PATHS = "$(inherited) @executable_path/Frameworks";
				MTL_ENABLE_DEBUG_INFO = NO;
				PRODUCT_BUNDLE_IDENTIFIER = org.love2d.love;
				PRODUCT_NAME = love;
				SDKROOT = iphoneos;
				TARGETED_DEVICE_FAMILY = "1,2";
				VALIDATE_PRODUCT = YES;
			};
			name = Distribution;
		};
		FA5326C618971A0900F7BBF4 /* Distribution */ = {
			isa = XCBuildConfiguration;
			buildSettings = {
				ALWAYS_SEARCH_USER_PATHS = NO;
				CLANG_CXX_LANGUAGE_STANDARD = "c++0x";
				CLANG_CXX_LIBRARY = "libc++";
				CLANG_ENABLE_MODULES = YES;
				CLANG_ENABLE_OBJC_ARC = YES;
				DEPLOYMENT_POSTPROCESSING = NO;
				FRAMEWORK_SEARCH_PATHS = "";
				GCC_INPUT_FILETYPE = automatic;
				GCC_OPTIMIZATION_LEVEL = 3;
				GCC_PREPROCESSOR_DEFINITIONS = LOVE_APPLE_USE_FRAMEWORKS;
				GCC_TREAT_IMPLICIT_FUNCTION_DECLARATIONS_AS_ERRORS = NO;
				GCC_WARN_ABOUT_MISSING_NEWLINE = NO;
				GCC_WARN_ABOUT_MISSING_PROTOTYPES = NO;
				GCC_WARN_ABOUT_POINTER_SIGNEDNESS = YES;
				GCC_WARN_ABOUT_RETURN_TYPE = NO;
				GCC_WARN_CHECK_SWITCH_STATEMENTS = YES;
				GCC_WARN_FOUR_CHARACTER_CONSTANTS = NO;
				GCC_WARN_HIDDEN_VIRTUAL_FUNCTIONS = NO;
				GCC_WARN_INITIALIZER_NOT_FULLY_BRACKETED = NO;
				GCC_WARN_MISSING_PARENTHESES = NO;
				GCC_WARN_NON_VIRTUAL_DESTRUCTOR = NO;
				GCC_WARN_PEDANTIC = NO;
				GCC_WARN_SHADOW = NO;
				GCC_WARN_SIGN_COMPARE = YES;
				GCC_WARN_TYPECHECK_CALLS_TO_PRINTF = NO;
				GCC_WARN_UNUSED_PARAMETER = NO;
				GCC_WARN_UNUSED_VALUE = NO;
				GCC_WARN_UNUSED_VARIABLE = YES;
				HEADER_SEARCH_PATHS = (
					"\"$(SRCROOT)/../../src\"",
					"\"$(SRCROOT)/../../src/libraries\"",
					"\"$(SRCROOT)/../../src/modules\"",
					"\"$(SRCROOT)/../../src/lovemore/component/SpineAnimator/\"",
					"\"$(SRCROOT)/../../src/lovemore/component/SpineAnimator/Spine/include\"",
				);
				INFOPLIST_FILE = "love-Info.plist";
				IPHONEOS_DEPLOYMENT_TARGET = 6.0;
				LD_RUNPATH_SEARCH_PATHS = "@loader_path/../Frameworks";
				LLVM_LTO = YES;
				MACOSX_DEPLOYMENT_TARGET = 10.7;
				ONLY_ACTIVE_ARCH = NO;
				OTHER_LDFLAGS = "";
				"OTHER_LDFLAGS[arch=x86_64]" = (
					"-pagezero_size",
					10000,
					"-image_base",
					100000000,
				);
				PRODUCT_NAME = love;
				SCAN_ALL_SOURCE_FILES_FOR_INCLUDES = YES;
				SDKROOT = macosx;
				WARNING_CFLAGS = (
					"-Wall",
					"-W",
				);
			};
			name = Distribution;
		};
		FA5326C718971A0900F7BBF4 /* Distribution */ = {
			isa = XCBuildConfiguration;
			buildSettings = {
				ASSETCATALOG_COMPILER_APPICON_NAME = "OS X AppIcon";
				COMBINE_HIDPI_IMAGES = YES;
				DEBUG_INFORMATION_FORMAT = "dwarf-with-dsym";
				FRAMEWORK_SEARCH_PATHS = (
					"$(inherited)",
					/Library/Frameworks,
					"\"$(SRCROOT)/build/Release\"",
					"\"$(SRCROOT)/build/Debug\"",
					"$(LOCAL_LIBRARY_DIR)/Frameworks",
				);
				HEADER_SEARCH_PATHS = (
					"$(inherited)",
					/Library/Frameworks/Lua.framework/Headers,
					/Library/Frameworks/SDL2.framework/Headers,
				);
				INFOPLIST_FILE = "macosx/love-macosx.plist";
				INSTALL_PATH = /Applications;
				LD_RUNPATH_SEARCH_PATHS = "$(inherited) @executable_path/../Frameworks";
				PRODUCT_BUNDLE_IDENTIFIER = org.love2d.love;
				PRODUCT_NAME = love;
			};
			name = Distribution;
		};
/* End XCBuildConfiguration section */

/* Begin XCConfigurationList section */
		C01FCF4A08A954540054247B /* Build configuration list for PBXNativeTarget "love-macosx" */ = {
			isa = XCConfigurationList;
			buildConfigurations = (
				C01FCF4B08A954540054247B /* Debug */,
				C01FCF4C08A954540054247B /* Release */,
				FA5326C718971A0900F7BBF4 /* Distribution */,
			);
			defaultConfigurationIsVisible = 0;
			defaultConfigurationName = Release;
		};
		C01FCF4E08A954540054247B /* Build configuration list for PBXProject "love" */ = {
			isa = XCConfigurationList;
			buildConfigurations = (
				C01FCF4F08A954540054247B /* Debug */,
				C01FCF5008A954540054247B /* Release */,
				FA5326C618971A0900F7BBF4 /* Distribution */,
			);
			defaultConfigurationIsVisible = 0;
			defaultConfigurationName = Release;
		};
		FA0B7F2E1A95AAF4000E1D17 /* Build configuration list for PBXNativeTarget "love-ios" */ = {
			isa = XCConfigurationList;
			buildConfigurations = (
				FA0B7F261A95AAF4000E1D17 /* Debug */,
				FA0B7F271A95AAF4000E1D17 /* Release */,
				FA0B7F281A95AAF4000E1D17 /* Distribution */,
			);
			defaultConfigurationIsVisible = 0;
			defaultConfigurationName = Release;
		};
/* End XCConfigurationList section */
	};
	rootObject = 29B97313FDCFA39411CA2CEA /* Project object */;
}
